// !$*UTF8*$!
{
	archiveVersion = 1;
	classes = {
	};
	objectVersion = 56;
	objects = {

/* Begin PBXBuildFile section */
		0E383944D0CE01913ED65606 /* ContextualPromptEngine.swift in Sources */ = {isa = PBXBuildFile; fileRef = 3CAC12E67DDB9C08F93E12D3 /* ContextualPromptEngine.swift */; };
		16C02EA8DEDDBDEE278C82C2 /* GrowthTrackingService.swift in Sources */ = {isa = PBXBuildFile; fileRef = CB56746CAAB29D60B6DF1A5A /* GrowthTrackingService.swift */; };
		268E688F4627D93D994D824A /* ConversationMemory.swift in Sources */ = {isa = PBXBuildFile; fileRef = 075A06E711596DA89F25C741 /* ConversationMemory.swift */; };
		381AF69F3F9C6E63BF21D05D /* ParentInsightsDashboardView.swift in Sources */ = {isa = PBXBuildFile; fileRef = 20F791F76FA62C8A947A9525 /* ParentInsightsDashboardView.swift */; };
		430C4285FA864122929B71AD /* EmojiResponseView.swift in Sources */ = {isa = PBXBuildFile; fileRef = BFFB361E650047D9B08729E9 /* EmojiResponseView.swift */; };
		462FE86F2F2E7AD1F5994979 /* ContextualPromptOverlay.swift in Sources */ = {isa = PBXBuildFile; fileRef = 6AB619301F9314C82940F5BF /* ContextualPromptOverlay.swift */; };
		55C8711F0A1B2C3D4E5F6789 /* FirestoreSyncService.swift in Sources */ = {isa = PBXBuildFile; fileRef = 55C8711F1A2B3C4D5E6F7890 /* FirestoreSyncService.swift */; };
		55C8711FCD2EBDED9ABE21CDB448AFCF /* FirestoreService.swift in Sources */ = {isa = PBXBuildFile; fileRef = 55C8711FDCF5AA5041D0CBFF /* FirestoreService.swift */; };
		56EB8B5CD4334565AB504BBC /* KeychainService.swift in Sources */ = {isa = PBXBuildFile; fileRef = C7722813A6DB4A4AA30C1FF9 /* KeychainService.swift */; };
		5F6010B324BA00AC608D242B /* GrowthModels.swift in Sources */ = {isa = PBXBuildFile; fileRef = A0AEE647B61568760CEEA13A /* GrowthModels.swift */; };
		6036166503A34655B56A4CFB /* DigitalJourney/DigitalJourneyModels.swift in Sources */ = {isa = PBXBuildFile; fileRef = A200D4F63E46462EA0048C50 /* DigitalJourney/DigitalJourneyModels.swift */; };
		65503CB72F4A0BAA00327074 /* StoreKit.storekit in Resources */ = {isa = PBXBuildFile; fileRef = 65503CB62F4A0BAA00327074 /* StoreKit.storekit */; };
		6B3BDF971CF675F2CED16D0FC97BC896 /* ScanNetworkService.swift in Sources */ = {isa = PBXBuildFile; fileRef = 6B3BDF9724FD82DABA1EADE0 /* ScanNetworkService.swift */; };
		6F7C5C4B78B57268398A2B67 /* RetentionState.swift in Sources */ = {isa = PBXBuildFile; fileRef = 3A48893D4C4FEBE405B61463 /* RetentionState.swift */; };
		70C1B9B70632463291F51EC9 /* DigitalJourney/DigitalJourneyViewModel.swift in Sources */ = {isa = PBXBuildFile; fileRef = 32AC2F65BBC94205AC5AC06C /* DigitalJourney/DigitalJourneyViewModel.swift */; };
		8A257C17055F1BAF83184A0D /* ConversationMemoryService.swift in Sources */ = {isa = PBXBuildFile; fileRef = D2E5BB2F47FF81E6E8FBF8AC /* ConversationMemoryService.swift */; };
		8A74B3F60182EDE24D5658FA /* WeeklySnapshotView.swift in Sources */ = {isa = PBXBuildFile; fileRef = CBEE3F3358E62BEE88404ABB /* WeeklySnapshotView.swift */; };
		V2INT001201D0001 /* IntentInferenceService.swift in Sources */ = {isa = PBXBuildFile; fileRef = V2INT001101D0001 /* IntentInferenceService.swift */; };
		V2MGL001201D0001 /* MicroGuidanceLibrary.swift in Sources */ = {isa = PBXBuildFile; fileRef = V2MGL001101D0001 /* MicroGuidanceLibrary.swift */; };
		91CB05C37C0D29ECFEAB0DFFCA8232D3 /* KomalSafetyScannerViewModel.swift in Sources */ = {isa = PBXBuildFile; fileRef = 91CB05C3A4807C7785E182F1 /* KomalSafetyScannerViewModel.swift */; };
		920509C1D5AAC5165A105EAD /* NotificationService.swift in Sources */ = {isa = PBXBuildFile; fileRef = 4FF82B34A2C7C8C70BDB9E0E /* NotificationService.swift */; };
		97A9A8C046E1F8DA0F94715A /* MoodTrackingService.swift in Sources */ = {isa = PBXBuildFile; fileRef = 46BD3B8B98B2CD21F3C6AD2E /* MoodTrackingService.swift */; };
		9869EE8E5D4F4CE99972BA40 /* BlockedEmojiPopup.swift in Sources */ = {isa = PBXBuildFile; fileRef = B622A5CC25894E9082F55295 /* BlockedEmojiPopup.swift */; };
		9A8A403BC83F19AEA62D45CCD379077D /* FilterPreferencesView.swift in Sources */ = {isa = PBXBuildFile; fileRef = 9A8A403B9FC8EFEACBFC8FBB /* FilterPreferencesView.swift */; };
		9FEF1C0067654E8F90E8B733 /* TextToSpeechService.swift in Sources */ = {isa = PBXBuildFile; fileRef = 3F1144B541EB460ABCDEEA7E /* TextToSpeechService.swift */; };
		A1000001201D0001 /* KomaliosApp.swift in Sources */ = {isa = PBXBuildFile; fileRef = A1000001101D0001 /* KomaliosApp.swift */; };
		A1000001201D0002 /* RootView.swift in Sources */ = {isa = PBXBuildFile; fileRef = A1000001101D0002 /* RootView.swift */; };
		A1000001201D0004 /* BlockedView.swift in Sources */ = {isa = PBXBuildFile; fileRef = A1000001101D0004 /* BlockedView.swift */; };
		A1000001201D0005 /* GateView.swift in Sources */ = {isa = PBXBuildFile; fileRef = A1000001101D0005 /* GateView.swift */; };
		A1000001201D0006 /* MindfulBreakView.swift in Sources */ = {isa = PBXBuildFile; fileRef = A1000001101D0006 /* MindfulBreakView.swift */; };
		A1000001201D0007 /* RikiCheckInView.swift in Sources */ = {isa = PBXBuildFile; fileRef = A1000001101D0007 /* RikiCheckInView.swift */; };
		A1000001201D0008 /* SettingsView.swift in Sources */ = {isa = PBXBuildFile; fileRef = A1000001101D0008 /* SettingsView.swift */; };
		A1000001201D0009 /* AppState.swift in Sources */ = {isa = PBXBuildFile; fileRef = A1000001101D0009 /* AppState.swift */; };
		A1000001201D000A /* ContentPolicyModels.swift in Sources */ = {isa = PBXBuildFile; fileRef = A1000001101D000A /* ContentPolicyModels.swift */; };
		A1000001201D000B /* ParentSettings.swift in Sources */ = {isa = PBXBuildFile; fileRef = A1000001101D000B /* ParentSettings.swift */; };
		A1000001201D000C /* BlocklistService.swift in Sources */ = {isa = PBXBuildFile; fileRef = A1000001101D000C /* BlocklistService.swift */; };
		A1000001201D000D /* Blocklists.json in Resources */ = {isa = PBXBuildFile; fileRef = A1000001101D000D /* Blocklists.json */; };
		A1000001201D000E /* KomalTheme.swift in Sources */ = {isa = PBXBuildFile; fileRef = A1000001101D000E /* KomalTheme.swift */; };
		A1000001201D000F /* FloatingMenuView.swift in Sources */ = {isa = PBXBuildFile; fileRef = A1000001101D000F /* FloatingMenuView.swift */; };
		A1000001201D0010 /* komaliconnobg.png in Resources */ = {isa = PBXBuildFile; fileRef = A1000001101D0010 /* komaliconnobg.png */; };
		A1000001201D0011 /* Assets.xcassets in Resources */ = {isa = PBXBuildFile; fileRef = A1000001101D0011 /* Assets.xcassets */; };
		A1000001201D0012 /* OnboardingView.swift in Sources */ = {isa = PBXBuildFile; fileRef = A1000001101D0012 /* OnboardingView.swift */; };
		A1000001201D0013 /* ContentFilterPreferences.swift in Sources */ = {isa = PBXBuildFile; fileRef = A1000001101D0013 /* ContentFilterPreferences.swift */; };
		A1000001201D0014 /* PrivacyInfo.xcprivacy in Resources */ = {isa = PBXBuildFile; fileRef = A1000001101D0014 /* PrivacyInfo.xcprivacy */; };
		A1000001201D0030 /* ReflectionTimeView.swift in Sources */ = {isa = PBXBuildFile; fileRef = A1000001101D0030 /* ReflectionTimeView.swift */; };
		A1B2C3D400000001AABB0004 /* SubscriptionModels.swift in Sources */ = {isa = PBXBuildFile; fileRef = A1B2C3D400000001AABB0001 /* SubscriptionModels.swift */; };
		A1B2C3D400000001AABB0005 /* SubscriptionService.swift in Sources */ = {isa = PBXBuildFile; fileRef = A1B2C3D400000001AABB0002 /* SubscriptionService.swift */; };
		A1B2C3D400000001AABB0006 /* PlanSelectionView.swift in Sources */ = {isa = PBXBuildFile; fileRef = A1B2C3D400000001AABB0003 /* PlanSelectionView.swift */; };
		AD9394DD5D0245949324BF16 /* AppHistoryService.swift in Sources */ = {isa = PBXBuildFile; fileRef = CBD65FCE0B414FE5B2A9235D /* AppHistoryService.swift */; };
		AEAFDDDFFBC3AC5A4ED0ED5A124310F1 /* Components/SimpleWebView.swift in Sources */ = {isa = PBXBuildFile; fileRef = AEAFDDDFAEFB51FFB41CABA6 /* Components/SimpleWebView.swift */; };
		AEBEE7ED6BFDA8CA3CF5C6FAD26ABABC /* ScanResponseModels.swift in Sources */ = {isa = PBXBuildFile; fileRef = AEBEE7EDDCE1DD0EAB91CC36 /* ScanResponseModels.swift */; };
		B241186D2F1D1A74001DC5AF /* FirebaseAuth in Frameworks */ = {isa = PBXBuildFile; productRef = B241186C2F1D1A74001DC5AF /* FirebaseAuth */; };
		B241186F2F1D1A74001DC5AF /* FirebaseCore in Frameworks */ = {isa = PBXBuildFile; productRef = B241186E2F1D1A74001DC5AF /* FirebaseCore */; };
		B24118732F1D1A74001DC5AF /* FirebaseFirestore in Frameworks */ = {isa = PBXBuildFile; productRef = B24118722F1D1A74001DC5AF /* FirebaseFirestore */; };
		B24118742F1D1ABC001DC5AF /* AppDelegate.swift in Sources */ = {isa = PBXBuildFile; fileRef = B24118732F1D1AB7001DC5AF /* AppDelegate.swift */; };
		B24118762F1D1B4A001DC5AF /* GoogleService-Info.plist in Resources */ = {isa = PBXBuildFile; fileRef = B24118752F1D1B4A001DC5AF /* GoogleService-Info.plist */; };
		B24118792F1D1BC3001DC5AF /* GoogleSignIn in Frameworks */ = {isa = PBXBuildFile; productRef = B24118782F1D1BC3001DC5AF /* GoogleSignIn */; };
		B241187B2F1D1BC3001DC5AF /* GoogleSignInSwift in Frameworks */ = {isa = PBXBuildFile; productRef = B241187A2F1D1BC3001DC5AF /* GoogleSignInSwift */; };
		B24118812F1D1D7D001DC5AF /* GoogleAuthService.swift in Sources */ = {isa = PBXBuildFile; fileRef = B24118802F1D1D75001DC5AF /* GoogleAuthService.swift */; };
		B24118832F1D1DCC001DC5AF /* AuthViewModel.swift in Sources */ = {isa = PBXBuildFile; fileRef = B24118822F1D1DC3001DC5AF /* AuthViewModel.swift */; };
		B24118862F1D1E2A001DC5AF /* LoginView.swift in Sources */ = {isa = PBXBuildFile; fileRef = B24118852F1D1E21001DC5AF /* LoginView.swift */; };
		B24118882F1D20F9001DC5AF /* SocialSignInButton.swift in Sources */ = {isa = PBXBuildFile; fileRef = B24118872F1D20F9001DC5AF /* SocialSignInButton.swift */; };
		B24118A12F1D3631001DC5AF /* Constants.swift in Sources */ = {isa = PBXBuildFile; fileRef = B24118A02F1D362D001DC5AF /* Constants.swift */; };
		B24118AC2F1D496F001DC5AF /* BrowserViewModel.swift in Sources */ = {isa = PBXBuildFile; fileRef = B24118AB2F1D4963001DC5AF /* BrowserViewModel.swift */; };
		B24118AF2F1D4A2F001DC5AF /* ScanUrlModel.swift in Sources */ = {isa = PBXBuildFile; fileRef = B24118AE2F1D4A18001DC5AF /* ScanUrlModel.swift */; };
		B24118B22F1D5797001DC5AF /* AppleSignInService.swift in Sources */ = {isa = PBXBuildFile; fileRef = B24118B12F1D578F001DC5AF /* AppleSignInService.swift */; };
		B24118B52F1D57D6001DC5AF /* AppleSignInViewModel.swift in Sources */ = {isa = PBXBuildFile; fileRef = B24118B42F1D57D6001DC5AF /* AppleSignInViewModel.swift */; };
		B24118B82F1D5812001DC5AF /* AppleSignInResult.swift in Sources */ = {isa = PBXBuildFile; fileRef = B24118B72F1D580B001DC5AF /* AppleSignInResult.swift */; };
		B24118BA2F1D5841001DC5AF /* Nonce+SHAHelper.swift in Sources */ = {isa = PBXBuildFile; fileRef = B24118B92F1D5834001DC5AF /* Nonce+SHAHelper.swift */; };
		B24118BD2F1E0E4E001DC5AF /* KomalSafetyScanner.swift in Sources */ = {isa = PBXBuildFile; fileRef = B24118BC2F1E0E4E001DC5AF /* KomalSafetyScanner.swift */; };
		B24118BF2F1E8CA3001DC5AF /* Extension.swift in Sources */ = {isa = PBXBuildFile; fileRef = B24118BE2F1E8C9E001DC5AF /* Extension.swift */; };
		B24118E72F1F99F5001DC5AF /* Komal_Models_Masterlist.csv in Resources */ = {isa = PBXBuildFile; fileRef = B24118E52F1F99F5001DC5AF /* Komal_Models_Masterlist.csv */; };
		B24118E82F1F99F5001DC5AF /* Agent.xlsx in Resources */ = {isa = PBXBuildFile; fileRef = B24118E42F1F99F5001DC5AF /* Agent.xlsx */; };
		B24118FC2F1FB7D5001DC5AF /* README.md in Resources */ = {isa = PBXBuildFile; fileRef = B24118F32F1FB7D5001DC5AF /* README.md */; };
		B24118FD2F1FB7D5001DC5AF /* train_template.py in Resources */ = {isa = PBXBuildFile; fileRef = B24118F52F1FB7D5001DC5AF /* train_template.py */; };
		B24118FE2F1FB7D5001DC5AF /* QUICK_START.md in Resources */ = {isa = PBXBuildFile; fileRef = B24118F22F1FB7D5001DC5AF /* QUICK_START.md */; };
		B24119002F1FB7D5001DC5AF /* convert_to_coreml.py in Resources */ = {isa = PBXBuildFile; fileRef = B24118F02F1FB7D5001DC5AF /* convert_to_coreml.py */; };
		B24119012F1FB7D5001DC5AF /* ContentSafetyTextClassifier.mlmodel in Sources */ = {isa = PBXBuildFile; fileRef = B24118EF2F1FB7D5001DC5AF /* ContentSafetyTextClassifier.mlmodel */; };
		B241195D2F2244A4001DC5AF /* NSFW.mlmodel in Sources */ = {isa = PBXBuildFile; fileRef = B241195C2F2244A4001DC5AF /* NSFW.mlmodel */; };
		B24119682F22604F001DC5AF /* PathManager.swift in Sources */ = {isa = PBXBuildFile; fileRef = B24119672F22604A001DC5AF /* PathManager.swift */; };
		B241199F2F22604F001DC5AF /* SplashScreenView.swift in Sources */ = {isa = PBXBuildFile; fileRef = B241199E2F22604F001DC5AF /* SplashScreenView.swift */; };
		BD93546A30CBC205557E1DB3 /* MoodEntry.swift in Sources */ = {isa = PBXBuildFile; fileRef = EC8464F0D31BF9D622C1CB42 /* MoodEntry.swift */; };
		BRHDET001201D0001 /* BrowsingHistory/HistoryBatchDetailView.swift in Sources */ = {isa = PBXBuildFile; fileRef = BRHDET001101D0001 /* BrowsingHistory/HistoryBatchDetailView.swift */; };
		BRHMOD001201D0001 /* BrowsingHistory/BrowsingHistoryModels.swift in Sources */ = {isa = PBXBuildFile; fileRef = BRHMOD001101D0001 /* BrowsingHistory/BrowsingHistoryModels.swift */; };
		BRHVIW001201D0001 /* BrowsingHistory/BrowsingHistoryView.swift in Sources */ = {isa = PBXBuildFile; fileRef = BRHVIW001101D0001 /* BrowsingHistory/BrowsingHistoryView.swift */; };
		BRHVMD001201D0001 /* BrowsingHistory/BrowsingHistoryViewModel.swift in Sources */ = {isa = PBXBuildFile; fileRef = BRHVMD001101D0001 /* BrowsingHistory/BrowsingHistoryViewModel.swift */; };
		BROWSESS001201D0001 /* BrowsingSession.swift in Sources */ = {isa = PBXBuildFile; fileRef = BROWSESS001101D0001 /* BrowsingSession.swift */; };
		BROWSEVT001201D0001 /* BrowsingEvent.swift in Sources */ = {isa = PBXBuildFile; fileRef = BROWSEVT001101D0001 /* BrowsingEvent.swift */; };
		BROWSHIS001201D0001 /* BrowsingHistoryService.swift in Sources */ = {isa = PBXBuildFile; fileRef = BROWSHIS001101D0001 /* BrowsingHistoryService.swift */; };
		C8E3A128D4DFC7C0AC136E7CCC17EF42 /* FilterActionSlider.swift in Sources */ = {isa = PBXBuildFile; fileRef = C8E3A128E66AC9CACE0AFC09 /* FilterActionSlider.swift */; };
		CA8FED38FA844F7693DDBE98 /* DigitalJourney/DigitalJourneyView.swift in Sources */ = {isa = PBXBuildFile; fileRef = CD65731DCD714DCDB000AE3F /* DigitalJourney/DigitalJourneyView.swift */; };
		CNTANLZ001201D0001 /* ContentAnalyzerService.swift in Sources */ = {isa = PBXBuildFile; fileRef = CNTANLZ001101D0001 /* ContentAnalyzerService.swift */; };
		CONFIG001201D0001 /* Config.swift in Sources */ = {isa = PBXBuildFile; fileRef = CONFIG001101D0001 /* Config.swift */; };
		CONTENT001201D0001 /* ContentAnalysisService.swift in Sources */ = {isa = PBXBuildFile; fileRef = CONTENT001101D0001 /* ContentAnalysisService.swift */; };
		CSVMAP001201D0001 /* CSVEmojiMappingService.swift in Sources */ = {isa = PBXBuildFile; fileRef = CSVMAP001101D0001 /* CSVEmojiMappingService.swift */; };
		D698420FCE000C8767FC634B /* MoodHistoryMiniView.swift in Sources */ = {isa = PBXBuildFile; fileRef = AB0B639595BABC4077BD4A27 /* MoodHistoryMiniView.swift */; };
		DBE1B704AB4647D8B6EF72BB /* AudioPlaybackManager.swift in Sources */ = {isa = PBXBuildFile; fileRef = 273666D3212249818E0A4B5A /* AudioPlaybackManager.swift */; };
		EBAC442E949D41EEBBFBEE68 /* BiometricAuthService.swift in Sources */ = {isa = PBXBuildFile; fileRef = 571BEFFCF566455496E03E65 /* BiometricAuthService.swift */; };
		EC2F5751CBA0A6BD755883FE /* ReconnectionView.swift in Sources */ = {isa = PBXBuildFile; fileRef = 476B8C43D076CE84DC8E7801 /* ReconnectionView.swift */; };
		EF0FBA5E4A69B6114E3D5C82 /* GrowthJourneyView.swift in Sources */ = {isa = PBXBuildFile; fileRef = 70584DA629E78CC0901819B5 /* GrowthJourneyView.swift */; };
		ENGSTR001201D0001 /* EnglishStrings.swift in Sources */ = {isa = PBXBuildFile; fileRef = ENGSTR001101D0001 /* EnglishStrings.swift */; };
		ENGTRCK001201D0001 /* EngagementTracker.swift in Sources */ = {isa = PBXBuildFile; fileRef = ENGTRCK001101D0001 /* EngagementTracker.swift */; };
		ENGTRJS001201D0001 /* engagement_tracker.js in Resources */ = {isa = PBXBuildFile; fileRef = ENGTRJS001101D0001 /* engagement_tracker.js */; };
		EXTENS001201D0001 /* Extensions.swift in Sources */ = {isa = PBXBuildFile; fileRef = EXTENS001101D0001 /* Extensions.swift */; };
		F16D265BA8E14877827A64B0 /* EmojiCheckInBubble.swift in Sources */ = {isa = PBXBuildFile; fileRef = 6CFB6C2A24574315A940440A /* EmojiCheckInBubble.swift */; };
		F1A2B3C4D5E6F7A8B9C0D1E2F3A4B5C6 /* KomalCheckInView.swift in Sources */ = {isa = PBXBuildFile; fileRef = F1A2B3C4D5E6F7A8B9C0D1E2F3A4B5C7 /* KomalCheckInView.swift */; };
		F2B3C4D5E6F7A8B9C0D1E2F3A4B5C6D7 /* KomalBlockedView.swift in Sources */ = {isa = PBXBuildFile; fileRef = F2B3C4D5E6F7A8B9C0D1E2F3A4B5C6D8 /* KomalBlockedView.swift */; };
		FRESTR001201D0001 /* FrenchStrings.swift in Sources */ = {isa = PBXBuildFile; fileRef = FRESTR001101D0001 /* FrenchStrings.swift */; };
		GEMINI001201D0001 /* GeminiChatService.swift in Sources */ = {isa = PBXBuildFile; fileRef = GEMINI001101D0001 /* GeminiChatService.swift */; };
		IMGFILT001201D0001 /* ImageFilterEvent.swift in Sources */ = {isa = PBXBuildFile; fileRef = IMGFILT001101D0001 /* ImageFilterEvent.swift */; };
		BEHMOD001201D0001 /* BehavioralModels.swift in Sources */ = {isa = PBXBuildFile; fileRef = BEHMOD001101D0001 /* BehavioralModels.swift */; };
		IMGFSVC001201D0001 /* ImageFilterService.swift in Sources */ = {isa = PBXBuildFile; fileRef = IMGFSVC001101D0001 /* ImageFilterService.swift */; };
		IMGSCJS001201D0001 /* image_scanner.js in Resources */ = {isa = PBXBuildFile; fileRef = IMGSCJS001101D0001 /* image_scanner.js */; };
		INSIGHTS001201D0001 /* InsightsView.swift in Sources */ = {isa = PBXBuildFile; fileRef = INSIGHTS001101D0001 /* InsightsView.swift */; };
		KOMLINTR001201D0001 /* KomalInterventionView.swift in Sources */ = {isa = PBXBuildFile; fileRef = KOMLINTR001101D0001 /* KomalInterventionView.swift */; };
		LNGMGR001201D0001 /* LanguageManager.swift in Sources */ = {isa = PBXBuildFile; fileRef = LNGMGR001101D0001 /* LanguageManager.swift */; };
		LNGSEL001201D0001 /* LanguageSelectorView.swift in Sources */ = {isa = PBXBuildFile; fileRef = LNGSEL001101D0001 /* LanguageSelectorView.swift */; };
		PAGEENG001201D0001 /* PageEngagement.swift in Sources */ = {isa = PBXBuildFile; fileRef = PAGEENG001101D0001 /* PageEngagement.swift */; };
		PORSTR001201D0001 /* PortugueseStrings.swift in Sources */ = {isa = PBXBuildFile; fileRef = PORSTR001101D0001 /* PortugueseStrings.swift */; };
		NTWMON001201D0001 /* NetworkMonitorService.swift in Sources */ = {isa = PBXBuildFile; fileRef = NTWMON001101D0001 /* NetworkMonitorService.swift */; };
		PRSOCL001201D0001 /* ParasocialDetectorService.swift in Sources */ = {isa = PBXBuildFile; fileRef = PRSOCL001101D0001 /* ParasocialDetectorService.swift */; };
		RAGEDT001201D0001 /* RageDetectionService.swift in Sources */ = {isa = PBXBuildFile; fileRef = RAGEDT001101D0001 /* RageDetectionService.swift */; };
		RVLCLS001201D0001 /* RevealingLevelClassifier.swift in Sources */ = {isa = PBXBuildFile; fileRef = RVLCLS001101D0001 /* RevealingLevelClassifier.swift */; };
		EYETRK001201D0001 /* EyeTrackingModels.swift in Sources */ = {isa = PBXBuildFile; fileRef = EYETRK001101D0001 /* EyeTrackingModels.swift */; };
		EYETRK001201D0002 /* EyeTrackingService.swift in Sources */ = {isa = PBXBuildFile; fileRef = EYETRK001101D0002 /* EyeTrackingService.swift */; };
		EYETRK001201D0003 /* EyeTrackingReportView.swift in Sources */ = {isa = PBXBuildFile; fileRef = EYETRK001101D0003 /* EyeTrackingReportView.swift */; };
		SEL00001201D0001 /* SELModels.swift in Sources */ = {isa = PBXBuildFile; fileRef = SEL00001101D0001 /* SELModels.swift */; };
		SEL00001201D0006 /* SELCurriculum.swift in Sources */ = {isa = PBXBuildFile; fileRef = SEL00001101D0006 /* SELCurriculum.swift */; };
		SEL00001201D0002 /* SELAssessmentService.swift in Sources */ = {isa = PBXBuildFile; fileRef = SEL00001101D0002 /* SELAssessmentService.swift */; };
		SEL00001201D0004 /* SELJourneyView.swift in Sources */ = {isa = PBXBuildFile; fileRef = SEL00001101D0004 /* SELJourneyView.swift */; };
		SEL00001201D0005 /* SELDailySessionView.swift in Sources */ = {isa = PBXBuildFile; fileRef = SEL00001101D0005 /* SELDailySessionView.swift */; };
		SPASTR001201D0001 /* SpanishStrings.swift in Sources */ = {isa = PBXBuildFile; fileRef = SPASTR001101D0001 /* SpanishStrings.swift */; };
		SPEECH001201D0001 /* SpeechRecognizer.swift in Sources */ = {isa = PBXBuildFile; fileRef = SPEECH001101D0001 /* SpeechRecognizer.swift */; };
		UNIFIED001201D0001 /* UnifiedDecisionModels.swift in Sources */ = {isa = PBXBuildFile; fileRef = UNIFIED001101D0001 /* UnifiedDecisionModels.swift */; };
		VIEWCNT001201D0001 /* ViewportContent.swift in Sources */ = {isa = PBXBuildFile; fileRef = VIEWCNT001101D0001 /* ViewportContent.swift */; };
		VPTRKJS001201D0001 /* viewport_tracker.js in Resources */ = {isa = PBXBuildFile; fileRef = VPTRKJS001101D0001 /* viewport_tracker.js */; };
		YTSCJS001201D0001 /* youtube_scanner.js in Resources */ = {isa = PBXBuildFile; fileRef = YTSCJS001101D0001 /* youtube_scanner.js */; };
		YTANLZ001201D0001 /* YouTubeContentAnalyzer.swift in Sources */ = {isa = PBXBuildFile; fileRef = YTANLZ001101D0001 /* YouTubeContentAnalyzer.swift */; };
/* End PBXBuildFile section */

/* Begin PBXFileReference section */
		075A06E711596DA89F25C741 /* ConversationMemory.swift */ = {isa = PBXFileReference; lastKnownFileType = sourcecode.swift; path = ConversationMemory.swift; sourceTree = "<group>"; };
		20F791F76FA62C8A947A9525 /* ParentInsightsDashboardView.swift */ = {isa = PBXFileReference; lastKnownFileType = sourcecode.swift; path = ParentInsightsDashboardView.swift; sourceTree = "<group>"; };
		273666D3212249818E0A4B5A /* AudioPlaybackManager.swift */ = {isa = PBXFileReference; lastKnownFileType = sourcecode.swift; path = AudioPlaybackManager.swift; sourceTree = "<group>"; };
		32AC2F65BBC94205AC5AC06C /* DigitalJourney/DigitalJourneyViewModel.swift */ = {isa = PBXFileReference; lastKnownFileType = sourcecode.swift; path = DigitalJourney/DigitalJourneyViewModel.swift; sourceTree = "<group>"; };
		3A48893D4C4FEBE405B61463 /* RetentionState.swift */ = {isa = PBXFileReference; lastKnownFileType = sourcecode.swift; path = RetentionState.swift; sourceTree = "<group>"; };
		3CAC12E67DDB9C08F93E12D3 /* ContextualPromptEngine.swift */ = {isa = PBXFileReference; lastKnownFileType = sourcecode.swift; path = ContextualPromptEngine.swift; sourceTree = "<group>"; };
		3F1144B541EB460ABCDEEA7E /* TextToSpeechService.swift */ = {isa = PBXFileReference; lastKnownFileType = sourcecode.swift; path = TextToSpeechService.swift; sourceTree = "<group>"; };
		46BD3B8B98B2CD21F3C6AD2E /* MoodTrackingService.swift */ = {isa = PBXFileReference; lastKnownFileType = sourcecode.swift; path = MoodTrackingService.swift; sourceTree = "<group>"; };
		476B8C43D076CE84DC8E7801 /* ReconnectionView.swift */ = {isa = PBXFileReference; lastKnownFileType = sourcecode.swift; path = ReconnectionView.swift; sourceTree = "<group>"; };
		4FF82B34A2C7C8C70BDB9E0E /* NotificationService.swift */ = {isa = PBXFileReference; lastKnownFileType = sourcecode.swift; path = NotificationService.swift; sourceTree = "<group>"; };
		55C8711F1A2B3C4D5E6F7890 /* FirestoreSyncService.swift */ = {isa = PBXFileReference; lastKnownFileType = sourcecode.swift; path = FirestoreSyncService.swift; sourceTree = "<group>"; };
		55C8711FDCF5AA5041D0CBFF /* FirestoreService.swift */ = {isa = PBXFileReference; lastKnownFileType = sourcecode.swift; path = FirestoreService.swift; sourceTree = "<group>"; };
		571BEFFCF566455496E03E65 /* BiometricAuthService.swift */ = {isa = PBXFileReference; lastKnownFileType = sourcecode.swift; path = BiometricAuthService.swift; sourceTree = "<group>"; };
		65503CB62F4A0BAA00327074 /* StoreKit.storekit */ = {isa = PBXFileReference; lastKnownFileType = text; path = StoreKit.storekit; sourceTree = "<group>"; };
		6AB619301F9314C82940F5BF /* ContextualPromptOverlay.swift */ = {isa = PBXFileReference; lastKnownFileType = sourcecode.swift; path = ContextualPromptOverlay.swift; sourceTree = "<group>"; };
		6B3BDF9724FD82DABA1EADE0 /* ScanNetworkService.swift */ = {isa = PBXFileReference; lastKnownFileType = sourcecode.swift; path = ScanNetworkService.swift; sourceTree = "<group>"; };
		6CFB6C2A24574315A940440A /* EmojiCheckInBubble.swift */ = {isa = PBXFileReference; lastKnownFileType = sourcecode.swift; path = EmojiCheckInBubble.swift; sourceTree = "<group>"; };
		70584DA629E78CC0901819B5 /* GrowthJourneyView.swift */ = {isa = PBXFileReference; lastKnownFileType = sourcecode.swift; path = GrowthJourneyView.swift; sourceTree = "<group>"; };
		91CB05C3A4807C7785E182F1 /* KomalSafetyScannerViewModel.swift */ = {isa = PBXFileReference; lastKnownFileType = sourcecode.swift; path = KomalSafetyScannerViewModel.swift; sourceTree = "<group>"; };
		9A8A403B9FC8EFEACBFC8FBB /* FilterPreferencesView.swift */ = {isa = PBXFileReference; lastKnownFileType = sourcecode.swift; path = FilterPreferencesView.swift; sourceTree = "<group>"; };
		A0AEE647B61568760CEEA13A /* GrowthModels.swift */ = {isa = PBXFileReference; lastKnownFileType = sourcecode.swift; path = GrowthModels.swift; sourceTree = "<group>"; };
		A1000001001D0001 /* Komalios.app */ = {isa = PBXFileReference; explicitFileType = wrapper.application; includeInIndex = 0; path = Komalios.app; sourceTree = BUILT_PRODUCTS_DIR; };
		A1000001101D0001 /* KomaliosApp.swift */ = {isa = PBXFileReference; lastKnownFileType = sourcecode.swift; path = KomaliosApp.swift; sourceTree = "<group>"; };
		A1000001101D0002 /* RootView.swift */ = {isa = PBXFileReference; lastKnownFileType = sourcecode.swift; path = RootView.swift; sourceTree = "<group>"; };
		A1000001101D0004 /* BlockedView.swift */ = {isa = PBXFileReference; lastKnownFileType = sourcecode.swift; path = BlockedView.swift; sourceTree = "<group>"; };
		A1000001101D0005 /* GateView.swift */ = {isa = PBXFileReference; lastKnownFileType = sourcecode.swift; path = GateView.swift; sourceTree = "<group>"; };
		A1000001101D0006 /* MindfulBreakView.swift */ = {isa = PBXFileReference; lastKnownFileType = sourcecode.swift; path = MindfulBreakView.swift; sourceTree = "<group>"; };
		A1000001101D0007 /* RikiCheckInView.swift */ = {isa = PBXFileReference; lastKnownFileType = sourcecode.swift; path = RikiCheckInView.swift; sourceTree = "<group>"; };
		A1000001101D0008 /* SettingsView.swift */ = {isa = PBXFileReference; lastKnownFileType = sourcecode.swift; path = SettingsView.swift; sourceTree = "<group>"; };
		A1000001101D0009 /* AppState.swift */ = {isa = PBXFileReference; lastKnownFileType = sourcecode.swift; path = AppState.swift; sourceTree = "<group>"; };
		A1000001101D000A /* ContentPolicyModels.swift */ = {isa = PBXFileReference; lastKnownFileType = sourcecode.swift; path = ContentPolicyModels.swift; sourceTree = "<group>"; };
		A1000001101D000B /* ParentSettings.swift */ = {isa = PBXFileReference; lastKnownFileType = sourcecode.swift; path = ParentSettings.swift; sourceTree = "<group>"; };
		A1000001101D000C /* BlocklistService.swift */ = {isa = PBXFileReference; lastKnownFileType = sourcecode.swift; path = BlocklistService.swift; sourceTree = "<group>"; };
		A1000001101D000D /* Blocklists.json */ = {isa = PBXFileReference; lastKnownFileType = text.json; path = Blocklists.json; sourceTree = "<group>"; };
		A1000001101D000E /* KomalTheme.swift */ = {isa = PBXFileReference; lastKnownFileType = sourcecode.swift; path = KomalTheme.swift; sourceTree = "<group>"; };
		A1000001101D000F /* FloatingMenuView.swift */ = {isa = PBXFileReference; lastKnownFileType = sourcecode.swift; path = FloatingMenuView.swift; sourceTree = "<group>"; };
		A1000001101D0010 /* komaliconnobg.png */ = {isa = PBXFileReference; lastKnownFileType = image.png; name = komaliconnobg.png; path = ../../../komaliconnobg.png; sourceTree = "<group>"; };
		A1000001101D0011 /* Assets.xcassets */ = {isa = PBXFileReference; lastKnownFileType = folder.assetcatalog; path = Assets.xcassets; sourceTree = "<group>"; };
		A1000001101D0012 /* OnboardingView.swift */ = {isa = PBXFileReference; lastKnownFileType = sourcecode.swift; path = OnboardingView.swift; sourceTree = "<group>"; };
		A1000001101D0013 /* ContentFilterPreferences.swift */ = {isa = PBXFileReference; lastKnownFileType = sourcecode.swift; path = ContentFilterPreferences.swift; sourceTree = "<group>"; };
		A1000001101D0014 /* PrivacyInfo.xcprivacy */ = {isa = PBXFileReference; lastKnownFileType = text.plist.xml; name = PrivacyInfo.xcprivacy; path = Sources/Komalios/PrivacyInfo.xcprivacy; sourceTree = SOURCE_ROOT; };
		A1000001101D0030 /* ReflectionTimeView.swift */ = {isa = PBXFileReference; lastKnownFileType = sourcecode.swift; path = ReflectionTimeView.swift; sourceTree = "<group>"; };
		A1B2C3D400000001AABB0001 /* SubscriptionModels.swift */ = {isa = PBXFileReference; lastKnownFileType = sourcecode.swift; path = SubscriptionModels.swift; sourceTree = "<group>"; };
		A1B2C3D400000001AABB0002 /* SubscriptionService.swift */ = {isa = PBXFileReference; lastKnownFileType = sourcecode.swift; path = SubscriptionService.swift; sourceTree = "<group>"; };
		A1B2C3D400000001AABB0003 /* PlanSelectionView.swift */ = {isa = PBXFileReference; lastKnownFileType = sourcecode.swift; path = PlanSelectionView.swift; sourceTree = "<group>"; };
		A200D4F63E46462EA0048C50 /* DigitalJourney/DigitalJourneyModels.swift */ = {isa = PBXFileReference; lastKnownFileType = sourcecode.swift; path = DigitalJourney/DigitalJourneyModels.swift; sourceTree = "<group>"; };
		AB0B639595BABC4077BD4A27 /* MoodHistoryMiniView.swift */ = {isa = PBXFileReference; lastKnownFileType = sourcecode.swift; path = MoodHistoryMiniView.swift; sourceTree = "<group>"; };
		AEAFDDDFAEFB51FFB41CABA6 /* Components/SimpleWebView.swift */ = {isa = PBXFileReference; lastKnownFileType = sourcecode.swift; path = Components/SimpleWebView.swift; sourceTree = "<group>"; };
		AEBEE7EDDCE1DD0EAB91CC36 /* ScanResponseModels.swift */ = {isa = PBXFileReference; lastKnownFileType = sourcecode.swift; path = ScanResponseModels.swift; sourceTree = "<group>"; };
		B24118732F1D1AB7001DC5AF /* AppDelegate.swift */ = {isa = PBXFileReference; lastKnownFileType = sourcecode.swift; path = AppDelegate.swift; sourceTree = "<group>"; };
		B24118752F1D1B4A001DC5AF /* GoogleService-Info.plist */ = {isa = PBXFileReference; lastKnownFileType = text.plist.xml; path = "GoogleService-Info.plist"; sourceTree = "<group>"; };
		B241187C2F1D1C74001DC5AF /* Komalios-Info.plist */ = {isa = PBXFileReference; lastKnownFileType = text.plist; path = "Komalios-Info.plist"; sourceTree = "<group>"; };
		B24118802F1D1D75001DC5AF /* GoogleAuthService.swift */ = {isa = PBXFileReference; lastKnownFileType = sourcecode.swift; path = GoogleAuthService.swift; sourceTree = "<group>"; };
		B24118822F1D1DC3001DC5AF /* AuthViewModel.swift */ = {isa = PBXFileReference; lastKnownFileType = sourcecode.swift; path = AuthViewModel.swift; sourceTree = "<group>"; };
		B24118852F1D1E21001DC5AF /* LoginView.swift */ = {isa = PBXFileReference; lastKnownFileType = sourcecode.swift; path = LoginView.swift; sourceTree = "<group>"; };
		B24118872F1D20F9001DC5AF /* SocialSignInButton.swift */ = {isa = PBXFileReference; lastKnownFileType = sourcecode.swift; path = SocialSignInButton.swift; sourceTree = "<group>"; };
		B24118A02F1D362D001DC5AF /* Constants.swift */ = {isa = PBXFileReference; lastKnownFileType = sourcecode.swift; path = Constants.swift; sourceTree = "<group>"; };
		B24118AB2F1D4963001DC5AF /* BrowserViewModel.swift */ = {isa = PBXFileReference; lastKnownFileType = sourcecode.swift; path = BrowserViewModel.swift; sourceTree = "<group>"; };
		B24118AE2F1D4A18001DC5AF /* ScanUrlModel.swift */ = {isa = PBXFileReference; lastKnownFileType = sourcecode.swift; path = ScanUrlModel.swift; sourceTree = "<group>"; };
		B24118B12F1D578F001DC5AF /* AppleSignInService.swift */ = {isa = PBXFileReference; lastKnownFileType = sourcecode.swift; path = AppleSignInService.swift; sourceTree = "<group>"; };
		B24118B42F1D57D6001DC5AF /* AppleSignInViewModel.swift */ = {isa = PBXFileReference; lastKnownFileType = sourcecode.swift; path = AppleSignInViewModel.swift; sourceTree = "<group>"; };
		B24118B72F1D580B001DC5AF /* AppleSignInResult.swift */ = {isa = PBXFileReference; lastKnownFileType = sourcecode.swift; path = AppleSignInResult.swift; sourceTree = "<group>"; };
		B24118B92F1D5834001DC5AF /* Nonce+SHAHelper.swift */ = {isa = PBXFileReference; lastKnownFileType = sourcecode.swift; path = "Nonce+SHAHelper.swift"; sourceTree = "<group>"; };
		B24118BB2F1E05DC001DC5AF /* Komalios.entitlements */ = {isa = PBXFileReference; lastKnownFileType = text.plist.entitlements; path = Komalios.entitlements; sourceTree = "<group>"; };
		B24118BC2F1E0E4E001DC5AF /* KomalSafetyScanner.swift */ = {isa = PBXFileReference; lastKnownFileType = sourcecode.swift; path = KomalSafetyScanner.swift; sourceTree = "<group>"; };
		B24118BE2F1E8C9E001DC5AF /* Extension.swift */ = {isa = PBXFileReference; lastKnownFileType = sourcecode.swift; path = Extension.swift; sourceTree = "<group>"; };
		B24118E42F1F99F5001DC5AF /* Agent.xlsx */ = {isa = PBXFileReference; lastKnownFileType = text; path = Agent.xlsx; sourceTree = "<group>"; };
		B24118E52F1F99F5001DC5AF /* Komal_Models_Masterlist.csv */ = {isa = PBXFileReference; lastKnownFileType = text; path = Komal_Models_Masterlist.csv; sourceTree = "<group>"; };
		B24118EF2F1FB7D5001DC5AF /* ContentSafetyTextClassifier.mlmodel */ = {isa = PBXFileReference; lastKnownFileType = file.mlmodel; path = ContentSafetyTextClassifier.mlmodel; sourceTree = "<group>"; };
		B24118F02F1FB7D5001DC5AF /* convert_to_coreml.py */ = {isa = PBXFileReference; lastKnownFileType = text.script.python; path = convert_to_coreml.py; sourceTree = "<group>"; };
		B24118F22F1FB7D5001DC5AF /* QUICK_START.md */ = {isa = PBXFileReference; lastKnownFileType = net.daringfireball.markdown; path = QUICK_START.md; sourceTree = "<group>"; };
		B24118F32F1FB7D5001DC5AF /* README.md */ = {isa = PBXFileReference; lastKnownFileType = net.daringfireball.markdown; path = README.md; sourceTree = "<group>"; };
		B24118F52F1FB7D5001DC5AF /* train_template.py */ = {isa = PBXFileReference; lastKnownFileType = text.script.python; path = train_template.py; sourceTree = "<group>"; };
		B241195C2F2244A4001DC5AF /* NSFW.mlmodel */ = {isa = PBXFileReference; lastKnownFileType = file.mlmodel; path = NSFW.mlmodel; sourceTree = "<group>"; };
		B24119672F22604A001DC5AF /* PathManager.swift */ = {isa = PBXFileReference; lastKnownFileType = sourcecode.swift; path = PathManager.swift; sourceTree = "<group>"; };
		B241199E2F22604F001DC5AF /* SplashScreenView.swift */ = {isa = PBXFileReference; lastKnownFileType = sourcecode.swift; path = SplashScreenView.swift; sourceTree = "<group>"; };
		B622A5CC25894E9082F55295 /* BlockedEmojiPopup.swift */ = {isa = PBXFileReference; lastKnownFileType = sourcecode.swift; path = BlockedEmojiPopup.swift; sourceTree = "<group>"; };
		BFFB361E650047D9B08729E9 /* EmojiResponseView.swift */ = {isa = PBXFileReference; lastKnownFileType = sourcecode.swift; path = EmojiResponseView.swift; sourceTree = "<group>"; };
		BRHDET001101D0001 /* BrowsingHistory/HistoryBatchDetailView.swift */ = {isa = PBXFileReference; lastKnownFileType = sourcecode.swift; path = BrowsingHistory/HistoryBatchDetailView.swift; sourceTree = "<group>"; };
		BRHMOD001101D0001 /* BrowsingHistory/BrowsingHistoryModels.swift */ = {isa = PBXFileReference; lastKnownFileType = sourcecode.swift; path = BrowsingHistory/BrowsingHistoryModels.swift; sourceTree = "<group>"; };
		BRHVIW001101D0001 /* BrowsingHistory/BrowsingHistoryView.swift */ = {isa = PBXFileReference; lastKnownFileType = sourcecode.swift; path = BrowsingHistory/BrowsingHistoryView.swift; sourceTree = "<group>"; };
		BRHVMD001101D0001 /* BrowsingHistory/BrowsingHistoryViewModel.swift */ = {isa = PBXFileReference; lastKnownFileType = sourcecode.swift; path = BrowsingHistory/BrowsingHistoryViewModel.swift; sourceTree = "<group>"; };
		BROWSESS001101D0001 /* BrowsingSession.swift */ = {isa = PBXFileReference; lastKnownFileType = sourcecode.swift; path = BrowsingSession.swift; sourceTree = "<group>"; };
		BROWSEVT001101D0001 /* BrowsingEvent.swift */ = {isa = PBXFileReference; lastKnownFileType = sourcecode.swift; path = BrowsingEvent.swift; sourceTree = "<group>"; };
		BROWSHIS001101D0001 /* BrowsingHistoryService.swift */ = {isa = PBXFileReference; lastKnownFileType = sourcecode.swift; path = BrowsingHistoryService.swift; sourceTree = "<group>"; };
		C7722813A6DB4A4AA30C1FF9 /* KeychainService.swift */ = {isa = PBXFileReference; lastKnownFileType = sourcecode.swift; path = KeychainService.swift; sourceTree = "<group>"; };
		C8E3A128E66AC9CACE0AFC09 /* FilterActionSlider.swift */ = {isa = PBXFileReference; lastKnownFileType = sourcecode.swift; path = FilterActionSlider.swift; sourceTree = "<group>"; };
		CB56746CAAB29D60B6DF1A5A /* GrowthTrackingService.swift */ = {isa = PBXFileReference; lastKnownFileType = sourcecode.swift; path = GrowthTrackingService.swift; sourceTree = "<group>"; };
		CBD65FCE0B414FE5B2A9235D /* AppHistoryService.swift */ = {isa = PBXFileReference; lastKnownFileType = sourcecode.swift; path = AppHistoryService.swift; sourceTree = "<group>"; };
		CBEE3F3358E62BEE88404ABB /* WeeklySnapshotView.swift */ = {isa = PBXFileReference; lastKnownFileType = sourcecode.swift; path = WeeklySnapshotView.swift; sourceTree = "<group>"; };
		CD65731DCD714DCDB000AE3F /* DigitalJourney/DigitalJourneyView.swift */ = {isa = PBXFileReference; lastKnownFileType = sourcecode.swift; path = DigitalJourney/DigitalJourneyView.swift; sourceTree = "<group>"; };
		CNTANLZ001101D0001 /* ContentAnalyzerService.swift */ = {isa = PBXFileReference; lastKnownFileType = sourcecode.swift; path = ContentAnalyzerService.swift; sourceTree = "<group>"; };
		CONFIG001101D0001 /* Config.swift */ = {isa = PBXFileReference; lastKnownFileType = sourcecode.swift; path = Config.swift; sourceTree = "<group>"; };
		CONTENT001101D0001 /* ContentAnalysisService.swift */ = {isa = PBXFileReference; lastKnownFileType = sourcecode.swift; path = ContentAnalysisService.swift; sourceTree = "<group>"; };
		CSVMAP001101D0001 /* CSVEmojiMappingService.swift */ = {isa = PBXFileReference; lastKnownFileType = sourcecode.swift; path = CSVEmojiMappingService.swift; sourceTree = "<group>"; };
		D2E5BB2F47FF81E6E8FBF8AC /* ConversationMemoryService.swift */ = {isa = PBXFileReference; lastKnownFileType = sourcecode.swift; path = ConversationMemoryService.swift; sourceTree = "<group>"; };
		EC8464F0D31BF9D622C1CB42 /* MoodEntry.swift */ = {isa = PBXFileReference; lastKnownFileType = sourcecode.swift; path = MoodEntry.swift; sourceTree = "<group>"; };
		ENGSTR001101D0001 /* EnglishStrings.swift */ = {isa = PBXFileReference; lastKnownFileType = sourcecode.swift; path = EnglishStrings.swift; sourceTree = "<group>"; };
		ENGTRCK001101D0001 /* EngagementTracker.swift */ = {isa = PBXFileReference; lastKnownFileType = sourcecode.swift; path = EngagementTracker.swift; sourceTree = "<group>"; };
		ENGTRJS001101D0001 /* engagement_tracker.js */ = {isa = PBXFileReference; lastKnownFileType = sourcecode.javascript; path = engagement_tracker.js; sourceTree = "<group>"; };
		EXTENS001101D0001 /* Extensions.swift */ = {isa = PBXFileReference; lastKnownFileType = sourcecode.swift; path = Extensions.swift; sourceTree = "<group>"; };
		F1A2B3C4D5E6F7A8B9C0D1E2F3A4B5C7 /* KomalCheckInView.swift */ = {isa = PBXFileReference; lastKnownFileType = sourcecode.swift; path = KomalCheckInView.swift; sourceTree = "<group>"; };
		F2B3C4D5E6F7A8B9C0D1E2F3A4B5C6D8 /* KomalBlockedView.swift */ = {isa = PBXFileReference; lastKnownFileType = sourcecode.swift; path = KomalBlockedView.swift; sourceTree = "<group>"; };
		FRESTR001101D0001 /* FrenchStrings.swift */ = {isa = PBXFileReference; lastKnownFileType = sourcecode.swift; path = FrenchStrings.swift; sourceTree = "<group>"; };
		GEMINI001101D0001 /* GeminiChatService.swift */ = {isa = PBXFileReference; lastKnownFileType = sourcecode.swift; path = GeminiChatService.swift; sourceTree = "<group>"; };
		IMGFILT001101D0001 /* ImageFilterEvent.swift */ = {isa = PBXFileReference; lastKnownFileType = sourcecode.swift; path = ImageFilterEvent.swift; sourceTree = "<group>"; };
		BEHMOD001101D0001 /* BehavioralModels.swift */ = {isa = PBXFileReference; lastKnownFileType = sourcecode.swift; path = BehavioralModels.swift; sourceTree = "<group>"; };
		IMGFSVC001101D0001 /* ImageFilterService.swift */ = {isa = PBXFileReference; lastKnownFileType = sourcecode.swift; path = ImageFilterService.swift; sourceTree = "<group>"; };
		IMGSCJS001101D0001 /* image_scanner.js */ = {isa = PBXFileReference; lastKnownFileType = sourcecode.javascript; path = image_scanner.js; sourceTree = "<group>"; };
		INSIGHTS001101D0001 /* InsightsView.swift */ = {isa = PBXFileReference; lastKnownFileType = sourcecode.swift; path = InsightsView.swift; sourceTree = "<group>"; };
		KOMLINTR001101D0001 /* KomalInterventionView.swift */ = {isa = PBXFileReference; lastKnownFileType = sourcecode.swift; path = KomalInterventionView.swift; sourceTree = "<group>"; };
		LNGMGR001101D0001 /* LanguageManager.swift */ = {isa = PBXFileReference; lastKnownFileType = sourcecode.swift; path = LanguageManager.swift; sourceTree = "<group>"; };
		LNGSEL001101D0001 /* LanguageSelectorView.swift */ = {isa = PBXFileReference; lastKnownFileType = sourcecode.swift; path = LanguageSelectorView.swift; sourceTree = "<group>"; };
		PAGEENG001101D0001 /* PageEngagement.swift */ = {isa = PBXFileReference; lastKnownFileType = sourcecode.swift; path = PageEngagement.swift; sourceTree = "<group>"; };
		PORSTR001101D0001 /* PortugueseStrings.swift */ = {isa = PBXFileReference; lastKnownFileType = sourcecode.swift; path = PortugueseStrings.swift; sourceTree = "<group>"; };
		NTWMON001101D0001 /* NetworkMonitorService.swift */ = {isa = PBXFileReference; lastKnownFileType = sourcecode.swift; path = NetworkMonitorService.swift; sourceTree = "<group>"; };
		PRSOCL001101D0001 /* ParasocialDetectorService.swift */ = {isa = PBXFileReference; lastKnownFileType = sourcecode.swift; path = ParasocialDetectorService.swift; sourceTree = "<group>"; };
		RAGEDT001101D0001 /* RageDetectionService.swift */ = {isa = PBXFileReference; lastKnownFileType = sourcecode.swift; path = RageDetectionService.swift; sourceTree = "<group>"; };
		RVLCLS001101D0001 /* RevealingLevelClassifier.swift */ = {isa = PBXFileReference; lastKnownFileType = sourcecode.swift; path = RevealingLevelClassifier.swift; sourceTree = "<group>"; };
		EYETRK001101D0001 /* EyeTrackingModels.swift */ = {isa = PBXFileReference; lastKnownFileType = sourcecode.swift; path = EyeTrackingModels.swift; sourceTree = "<group>"; };
		EYETRK001101D0002 /* EyeTrackingService.swift */ = {isa = PBXFileReference; lastKnownFileType = sourcecode.swift; path = EyeTrackingService.swift; sourceTree = "<group>"; };
		V2INT001101D0001 /* IntentInferenceService.swift */ = {isa = PBXFileReference; lastKnownFileType = sourcecode.swift; path = IntentInferenceService.swift; sourceTree = "<group>"; };
		V2MGL001101D0001 /* MicroGuidanceLibrary.swift */ = {isa = PBXFileReference; lastKnownFileType = sourcecode.swift; path = MicroGuidanceLibrary.swift; sourceTree = "<group>"; };
		EYETRK001101D0003 /* EyeTrackingReportView.swift */ = {isa = PBXFileReference; lastKnownFileType = sourcecode.swift; path = EyeTrackingReportView.swift; sourceTree = "<group>"; };
		SECRETS001101D0001 /* Secrets.xcconfig */ = {isa = PBXFileReference; lastKnownFileType = text.xcconfig; path = Secrets.xcconfig; sourceTree = "<group>"; };
		SEL00001101D0001 /* SELModels.swift */ = {isa = PBXFileReference; lastKnownFileType = sourcecode.swift; path = SELModels.swift; sourceTree = "<group>"; };
		SEL00001101D0006 /* SELCurriculum.swift */ = {isa = PBXFileReference; lastKnownFileType = sourcecode.swift; path = SELCurriculum.swift; sourceTree = "<group>"; };
		SEL00001101D0002 /* SELAssessmentService.swift */ = {isa = PBXFileReference; lastKnownFileType = sourcecode.swift; path = SELAssessmentService.swift; sourceTree = "<group>"; };
		SEL00001101D0004 /* SELJourneyView.swift */ = {isa = PBXFileReference; lastKnownFileType = sourcecode.swift; path = SELJourneyView.swift; sourceTree = "<group>"; };
		SEL00001101D0005 /* SELDailySessionView.swift */ = {isa = PBXFileReference; lastKnownFileType = sourcecode.swift; path = SELDailySessionView.swift; sourceTree = "<group>"; };
		SPASTR001101D0001 /* SpanishStrings.swift */ = {isa = PBXFileReference; lastKnownFileType = sourcecode.swift; path = SpanishStrings.swift; sourceTree = "<group>"; };
		SPEECH001101D0001 /* SpeechRecognizer.swift */ = {isa = PBXFileReference; lastKnownFileType = sourcecode.swift; path = SpeechRecognizer.swift; sourceTree = "<group>"; };
		UNIFIED001101D0001 /* UnifiedDecisionModels.swift */ = {isa = PBXFileReference; lastKnownFileType = sourcecode.swift; path = UnifiedDecisionModels.swift; sourceTree = "<group>"; };
		VIEWCNT001101D0001 /* ViewportContent.swift */ = {isa = PBXFileReference; lastKnownFileType = sourcecode.swift; path = ViewportContent.swift; sourceTree = "<group>"; };
		VPTRKJS001101D0001 /* viewport_tracker.js */ = {isa = PBXFileReference; lastKnownFileType = sourcecode.javascript; path = viewport_tracker.js; sourceTree = "<group>"; };
		YTSCJS001101D0001 /* youtube_scanner.js */ = {isa = PBXFileReference; lastKnownFileType = sourcecode.javascript; path = youtube_scanner.js; sourceTree = "<group>"; };
		YTANLZ001101D0001 /* YouTubeContentAnalyzer.swift */ = {isa = PBXFileReference; lastKnownFileType = sourcecode.swift; path = YouTubeContentAnalyzer.swift; sourceTree = "<group>"; };
/* End PBXFileReference section */

/* Begin PBXFrameworksBuildPhase section */
		A1000001301D0001 /* Frameworks */ = {
			isa = PBXFrameworksBuildPhase;
			buildActionMask = 2147483647;
			files = (
				B241187B2F1D1BC3001DC5AF /* GoogleSignInSwift in Frameworks */,
				B24118792F1D1BC3001DC5AF /* GoogleSignIn in Frameworks */,
				B241186F2F1D1A74001DC5AF /* FirebaseCore in Frameworks */,
				B241186D2F1D1A74001DC5AF /* FirebaseAuth in Frameworks */,
				B24118732F1D1A74001DC5AF /* FirebaseFirestore in Frameworks */,
			);
			runOnlyForDeploymentPostprocessing = 0;
		};
/* End PBXFrameworksBuildPhase section */

/* Begin PBXGroup section */
		3C34CB732F1A718C00E2F9D1 /* Recovered References */ = {
			isa = PBXGroup;
			children = (
				A1000001101D0014 /* PrivacyInfo.xcprivacy */,
			);
			name = "Recovered References";
			sourceTree = "<group>";
		};
		68AFAF72152E5BE3033BE064 /* Anchors */ = {
			isa = PBXGroup;
			children = (
			);
			path = Anchors;
			sourceTree = "<group>";
		};
		A1000001401D0001 = {
			isa = PBXGroup;
			children = (
				SECRETS001101D0001 /* Secrets.xcconfig */,
				65503CB62F4A0BAA00327074 /* StoreKit.storekit */,
				B24118F62F1FB7D5001DC5AF /* MLModels */,
				B24118BB2F1E05DC001DC5AF /* Komalios.entitlements */,
				B241187C2F1D1C74001DC5AF /* Komalios-Info.plist */,
				A1000001401D0002 /* Sources */,
				A1000001401D0010 /* Products */,
				3C34CB732F1A718C00E2F9D1 /* Recovered References */,
			);
			sourceTree = "<group>";
		};
		A1000001401D0002 /* Sources */ = {
			isa = PBXGroup;
			children = (
				B24118E62F1F99F5001DC5AF /* Doc */,
				A1000001401D0003 /* Komalios */,
			);
			path = Sources;
			sourceTree = "<group>";
		};
		A1000001401D0003 /* Komalios */ = {
			isa = PBXGroup;
			children = (
				B24119662F226043001DC5AF /* Routes */,
				B24118A72F1D490C001DC5AF /* PostAuth */,
				B241189F2F1D361E001DC5AF /* Shared */,
				B24118722F1D1AA2001DC5AF /* AppDelegate */,
				B24118672F1D15B9001DC5AF /* PreAuth */,
				A1000001101D0001 /* KomaliosApp.swift */,
				A1000001401D0005 /* Models */,
				A1000001401D0006 /* Services */,
				L10NGRP001401D0001 /* Localization */,
				A1000001401D0008 /* Theme */,
				A1000001401D0007 /* Resources */,
				A1000001101D0011 /* Assets.xcassets */,
			);
			path = Komalios;
			sourceTree = "<group>";
		};
		A1000001401D0004 /* Views */ = {
			isa = PBXGroup;
			children = (
				A1000001101D0002 /* RootView.swift */,
				A1000001101D0004 /* BlockedView.swift */,
				A1000001101D0005 /* GateView.swift */,
				A1000001101D0006 /* MindfulBreakView.swift */,
				A1000001101D0007 /* RikiCheckInView.swift */,
				A1000001101D0030 /* ReflectionTimeView.swift */,
				A1000001101D0008 /* SettingsView.swift */,
				A200D4F63E46462EA0048C50 /* DigitalJourney/DigitalJourneyModels.swift */,
				32AC2F65BBC94205AC5AC06C /* DigitalJourney/DigitalJourneyViewModel.swift */,
				CD65731DCD714DCDB000AE3F /* DigitalJourney/DigitalJourneyView.swift */,
				BRHMOD001101D0001 /* BrowsingHistory/BrowsingHistoryModels.swift */,
				BRHVMD001101D0001 /* BrowsingHistory/BrowsingHistoryViewModel.swift */,
				BRHVIW001101D0001 /* BrowsingHistory/BrowsingHistoryView.swift */,
				BRHDET001101D0001 /* BrowsingHistory/HistoryBatchDetailView.swift */,
				9A8A403B9FC8EFEACBFC8FBB /* FilterPreferencesView.swift */,
				A1000001101D000F /* FloatingMenuView.swift */,
				ECAFED31FAD30DC4853EFDEF /* Components */,
				A1000001401D0009 /* Onboarding */,
				INSIGHTS401D0001 /* Insights */,
				68AFAF72152E5BE3033BE064 /* Anchors */,
				E83FDAAEC7B577C4F1DD976D /* Growth */,
				SEL00001401D0001 /* SEL */,
				E2A04A267ABD1DF736E69546 /* Reconnection */,
			);
			path = Views;
			sourceTree = "<group>";
		};
		A1000001401D0005 /* Models */ = {
			isa = PBXGroup;
			children = (
				A1000001101D0009 /* AppState.swift */,
				A1000001101D000A /* ContentPolicyModels.swift */,
				A1000001101D000B /* ParentSettings.swift */,
				A1000001101D0013 /* ContentFilterPreferences.swift */,
				BROWSEVT001101D0001 /* BrowsingEvent.swift */,
				BROWSESS001101D0001 /* BrowsingSession.swift */,
				IMGFILT001101D0001 /* ImageFilterEvent.swift */,
				PAGEENG001101D0001 /* PageEngagement.swift */,
				VIEWCNT001101D0001 /* ViewportContent.swift */,
				075A06E711596DA89F25C741 /* ConversationMemory.swift */,
				EC8464F0D31BF9D622C1CB42 /* MoodEntry.swift */,
				A0AEE647B61568760CEEA13A /* GrowthModels.swift */,
				3A48893D4C4FEBE405B61463 /* RetentionState.swift */,
				SEL00001101D0001 /* SELModels.swift */,
				SEL00001101D0006 /* SELCurriculum.swift */,
				A1B2C3D400000001AABB0001 /* SubscriptionModels.swift */,
				EYETRK001101D0001 /* EyeTrackingModels.swift */,
				BEHMOD001101D0001 /* BehavioralModels.swift */,
			);
			path = Models;
			sourceTree = "<group>";
		};
		A1000001401D0006 /* Services */ = {
			isa = PBXGroup;
			children = (
				B24118A22F1D36E6001DC5AF /* Network */,
				A1000001101D000C /* BlocklistService.swift */,
				55C8711FDCF5AA5041D0CBFF /* FirestoreService.swift */,
				55C8711F1A2B3C4D5E6F7890 /* FirestoreSyncService.swift */,
				C7722813A6DB4A4AA30C1FF9 /* KeychainService.swift */,
				571BEFFCF566455496E03E65 /* BiometricAuthService.swift */,
				CBD65FCE0B414FE5B2A9235D /* AppHistoryService.swift */,
				3F1144B541EB460ABCDEEA7E /* TextToSpeechService.swift */,
				273666D3212249818E0A4B5A /* AudioPlaybackManager.swift */,
				BROWSHIS001101D0001 /* BrowsingHistoryService.swift */,
				CONTENT001101D0001 /* ContentAnalysisService.swift */,
				IMGFSVC001101D0001 /* ImageFilterService.swift */,
				RVLCLS001101D0001 /* RevealingLevelClassifier.swift */,
				ENGTRCK001101D0001 /* EngagementTracker.swift */,
				CNTANLZ001101D0001 /* ContentAnalyzerService.swift */,
				GEMINI001101D0001 /* GeminiChatService.swift */,
				SPEECH001101D0001 /* SpeechRecognizer.swift */,
				CONFIG001101D0001 /* Config.swift */,
				CSVMAP001101D0001 /* CSVEmojiMappingService.swift */,
				D2E5BB2F47FF81E6E8FBF8AC /* ConversationMemoryService.swift */,
				46BD3B8B98B2CD21F3C6AD2E /* MoodTrackingService.swift */,
				CB56746CAAB29D60B6DF1A5A /* GrowthTrackingService.swift */,
				SEL00001101D0002 /* SELAssessmentService.swift */,
				3CAC12E67DDB9C08F93E12D3 /* ContextualPromptEngine.swift */,
				4FF82B34A2C7C8C70BDB9E0E /* NotificationService.swift */,
				LNGMGR001101D0001 /* LanguageManager.swift */,
				NTWMON001101D0001 /* NetworkMonitorService.swift */,
				PRSOCL001101D0001 /* ParasocialDetectorService.swift */,
				RAGEDT001101D0001 /* RageDetectionService.swift */,
				A1B2C3D400000001AABB0002 /* SubscriptionService.swift */,
				EYETRK001101D0002 /* EyeTrackingService.swift */,
				V2INT001101D0001 /* IntentInferenceService.swift */,
				V2MGL001101D0001 /* MicroGuidanceLibrary.swift */,
				YTANLZ001101D0001 /* YouTubeContentAnalyzer.swift */,
			);
			path = Services;
			sourceTree = "<group>";
		};
		A1000001401D0007 /* Resources */ = {
			isa = PBXGroup;
			children = (
				A1000001101D000D /* Blocklists.json */,
				A1000001101D0010 /* komaliconnobg.png */,
				B24118752F1D1B4A001DC5AF /* GoogleService-Info.plist */,
				ENGTRJS001101D0001 /* engagement_tracker.js */,
				IMGSCJS001101D0001 /* image_scanner.js */,
				VPTRKJS001101D0001 /* viewport_tracker.js */,
				YTSCJS001101D0001 /* youtube_scanner.js */,
			);
			path = Resources;
			sourceTree = "<group>";
		};
		A1000001401D0008 /* Theme */ = {
			isa = PBXGroup;
			children = (
				A1000001101D000E /* KomalTheme.swift */,
			);
			path = Theme;
			sourceTree = "<group>";
		};
		A1000001401D0009 /* Onboarding */ = {
			isa = PBXGroup;
			children = (
				A1000001101D0012 /* OnboardingView.swift */,
				A1B2C3D400000001AABB0003 /* PlanSelectionView.swift */,
			);
			path = Onboarding;
			sourceTree = "<group>";
		};
		A1000001401D0010 /* Products */ = {
			isa = PBXGroup;
			children = (
				A1000001001D0001 /* Komalios.app */,
			);
			name = Products;
			sourceTree = "<group>";
		};
		B24118662F1D15A8001DC5AF /* Login */ = {
			isa = PBXGroup;
			children = (
				B24118842F1D1E19001DC5AF /* View */,
				B24118682F1D15F0001DC5AF /* SocialLogin */,
			);
			path = Login;
			sourceTree = "<group>";
		};
		B24118672F1D15B9001DC5AF /* PreAuth */ = {
			isa = PBXGroup;
			children = (
				B241199E2F22604F001DC5AF /* SplashScreenView.swift */,
				B24118662F1D15A8001DC5AF /* Login */,
			);
			path = PreAuth;
			sourceTree = "<group>";
		};
		B24118682F1D15F0001DC5AF /* SocialLogin */ = {
			isa = PBXGroup;
			children = (
				B241186A2F1D1607001DC5AF /* Google */,
				B24118692F1D15FE001DC5AF /* Apple */,
			);
			path = SocialLogin;
			sourceTree = "<group>";
		};
		B24118692F1D15FE001DC5AF /* Apple */ = {
			isa = PBXGroup;
			children = (
				B24118B62F1D57E9001DC5AF /* Model */,
				B24118B32F1D57A2001DC5AF /* ViewModel */,
				B24118B02F1D5787001DC5AF /* Service */,
			);
			path = Apple;
			sourceTree = "<group>";
		};
		B241186A2F1D1607001DC5AF /* Google */ = {
			isa = PBXGroup;
			children = (
				B241187F2F1D1D6A001DC5AF /* ViewModel */,
				B241187E2F1D1D61001DC5AF /* View */,
				B241187D2F1D1D55001DC5AF /* Service */,
			);
			path = Google;
			sourceTree = "<group>";
		};
		B24118722F1D1AA2001DC5AF /* AppDelegate */ = {
			isa = PBXGroup;
			children = (
				B24118732F1D1AB7001DC5AF /* AppDelegate.swift */,
			);
			path = AppDelegate;
			sourceTree = "<group>";
		};
		B241187D2F1D1D55001DC5AF /* Service */ = {
			isa = PBXGroup;
			children = (
				B24118802F1D1D75001DC5AF /* GoogleAuthService.swift */,
			);
			path = Service;
			sourceTree = "<group>";
		};
		B241187E2F1D1D61001DC5AF /* View */ = {
			isa = PBXGroup;
			children = (
				B24118872F1D20F9001DC5AF /* SocialSignInButton.swift */,
			);
			path = View;
			sourceTree = "<group>";
		};
		B241187F2F1D1D6A001DC5AF /* ViewModel */ = {
			isa = PBXGroup;
			children = (
				B24118822F1D1DC3001DC5AF /* AuthViewModel.swift */,
			);
			path = ViewModel;
			sourceTree = "<group>";
		};
		B24118842F1D1E19001DC5AF /* View */ = {
			isa = PBXGroup;
			children = (
				B24118852F1D1E21001DC5AF /* LoginView.swift */,
			);
			path = View;
			sourceTree = "<group>";
		};
		B241189F2F1D361E001DC5AF /* Shared */ = {
			isa = PBXGroup;
			children = (
				B24118BE2F1E8C9E001DC5AF /* Extension.swift */,
				B24118A02F1D362D001DC5AF /* Constants.swift */,
				EXTENS001101D0001 /* Extensions.swift */,
			);
			path = Shared;
			sourceTree = "<group>";
		};
		B24118A22F1D36E6001DC5AF /* Network */ = {
			isa = PBXGroup;
			children = (
				6B3BDF9724FD82DABA1EADE0 /* ScanNetworkService.swift */,
			);
			path = Network;
			sourceTree = "<group>";
		};
		B24118A72F1D490C001DC5AF /* PostAuth */ = {
			isa = PBXGroup;
			children = (
				B24118A82F1D4928001DC5AF /* BrowserView */,
				A1000001401D0004 /* Views */,
			);
			path = PostAuth;
			sourceTree = "<group>";
		};
		B24118A82F1D4928001DC5AF /* BrowserView */ = {
			isa = PBXGroup;
			children = (
				B24118AD2F1D4A0D001DC5AF /* Model */,
				B24118AA2F1D4943001DC5AF /* ViewModel */,
				B24118A92F1D4938001DC5AF /* View */,
			);
			path = BrowserView;
			sourceTree = "<group>";
		};
		B24118A92F1D4938001DC5AF /* View */ = {
			isa = PBXGroup;
			children = (
				B24118BC2F1E0E4E001DC5AF /* KomalSafetyScanner.swift */,
				AEAFDDDFAEFB51FFB41CABA6 /* Components/SimpleWebView.swift */,
			);
			path = View;
			sourceTree = "<group>";
		};
		B24118AA2F1D4943001DC5AF /* ViewModel */ = {
			isa = PBXGroup;
			children = (
				B24118AB2F1D4963001DC5AF /* BrowserViewModel.swift */,
				91CB05C3A4807C7785E182F1 /* KomalSafetyScannerViewModel.swift */,
			);
			path = ViewModel;
			sourceTree = "<group>";
		};
		B24118AD2F1D4A0D001DC5AF /* Model */ = {
			isa = PBXGroup;
			children = (
				B24118AE2F1D4A18001DC5AF /* ScanUrlModel.swift */,
				AEBEE7EDDCE1DD0EAB91CC36 /* ScanResponseModels.swift */,
				UNIFIED001101D0001 /* UnifiedDecisionModels.swift */,
			);
			path = Model;
			sourceTree = "<group>";
		};
		B24118B02F1D5787001DC5AF /* Service */ = {
			isa = PBXGroup;
			children = (
				B24118B92F1D5834001DC5AF /* Nonce+SHAHelper.swift */,
				B24118B12F1D578F001DC5AF /* AppleSignInService.swift */,
			);
			path = Service;
			sourceTree = "<group>";
		};
		B24118B32F1D57A2001DC5AF /* ViewModel */ = {
			isa = PBXGroup;
			children = (
				B24118B42F1D57D6001DC5AF /* AppleSignInViewModel.swift */,
			);
			path = ViewModel;
			sourceTree = "<group>";
		};
		B24118B62F1D57E9001DC5AF /* Model */ = {
			isa = PBXGroup;
			children = (
				B24118B72F1D580B001DC5AF /* AppleSignInResult.swift */,
			);
			path = Model;
			sourceTree = "<group>";
		};
		B24118E62F1F99F5001DC5AF /* Doc */ = {
			isa = PBXGroup;
			children = (
				B24118E42F1F99F5001DC5AF /* Agent.xlsx */,
				B24118E52F1F99F5001DC5AF /* Komal_Models_Masterlist.csv */,
			);
			path = Doc;
			sourceTree = "<group>";
		};
		B24118EE2F1FB7D5001DC5AF /* datasets */ = {
			isa = PBXGroup;
			children = (
			);
			path = datasets;
			sourceTree = "<group>";
		};
		B24118F62F1FB7D5001DC5AF /* MLModels */ = {
			isa = PBXGroup;
			children = (
				B24118EE2F1FB7D5001DC5AF /* datasets */,
				B24118EF2F1FB7D5001DC5AF /* ContentSafetyTextClassifier.mlmodel */,
				B241195C2F2244A4001DC5AF /* NSFW.mlmodel */,
				B24118F02F1FB7D5001DC5AF /* convert_to_coreml.py */,
				B24118F22F1FB7D5001DC5AF /* QUICK_START.md */,
				B24118F32F1FB7D5001DC5AF /* README.md */,
				B24118F52F1FB7D5001DC5AF /* train_template.py */,
			);
			path = MLModels;
			sourceTree = "<group>";
		};
		B24119662F226043001DC5AF /* Routes */ = {
			isa = PBXGroup;
			children = (
				B24119672F22604A001DC5AF /* PathManager.swift */,
			);
			path = Routes;
			sourceTree = "<group>";
		};
		E2A04A267ABD1DF736E69546 /* Reconnection */ = {
			isa = PBXGroup;
			children = (
				476B8C43D076CE84DC8E7801 /* ReconnectionView.swift */,
			);
			path = Reconnection;
			sourceTree = "<group>";
		};
		E83FDAAEC7B577C4F1DD976D /* Growth */ = {
			isa = PBXGroup;
			children = (
				70584DA629E78CC0901819B5 /* GrowthJourneyView.swift */,
				CBEE3F3358E62BEE88404ABB /* WeeklySnapshotView.swift */,
			);
			path = Growth;
			sourceTree = "<group>";
		};
		ECAFED31FAD30DC4853EFDEF /* Components */ = {
			isa = PBXGroup;
			children = (
				C8E3A128E66AC9CACE0AFC09 /* FilterActionSlider.swift */,
				F1A2B3C4D5E6F7A8B9C0D1E2F3A4B5C7 /* KomalCheckInView.swift */,
				F2B3C4D5E6F7A8B9C0D1E2F3A4B5C6D8 /* KomalBlockedView.swift */,
				BFFB361E650047D9B08729E9 /* EmojiResponseView.swift */,
				6CFB6C2A24574315A940440A /* EmojiCheckInBubble.swift */,
				B622A5CC25894E9082F55295 /* BlockedEmojiPopup.swift */,
				KOMLINTR001101D0001 /* KomalInterventionView.swift */,
				6AB619301F9314C82940F5BF /* ContextualPromptOverlay.swift */,
				AB0B639595BABC4077BD4A27 /* MoodHistoryMiniView.swift */,
				LNGSEL001101D0001 /* LanguageSelectorView.swift */,
			);
			path = Components;
			sourceTree = "<group>";
		};
		INSIGHTS401D0001 /* Insights */ = {
			isa = PBXGroup;
			children = (
				INSIGHTS001101D0001 /* InsightsView.swift */,
				20F791F76FA62C8A947A9525 /* ParentInsightsDashboardView.swift */,
			);
			path = Insights;
			sourceTree = "<group>";
		};
		L10NGRP001401D0001 /* Localization */ = {
			isa = PBXGroup;
			children = (
				ENGSTR001101D0001 /* EnglishStrings.swift */,
				FRESTR001101D0001 /* FrenchStrings.swift */,
				SPASTR001101D0001 /* SpanishStrings.swift */,
				PORSTR001101D0001 /* PortugueseStrings.swift */,
			);
			path = Localization;
			sourceTree = "<group>";
		};
		SEL00001401D0001 /* SEL */ = {
			isa = PBXGroup;
			children = (
				SEL00001101D0004 /* SELJourneyView.swift */,
				SEL00001101D0005 /* SELDailySessionView.swift */,
				EYETRK001101D0003 /* EyeTrackingReportView.swift */,
			);
			path = SEL;
			sourceTree = "<group>";
		};
/* End PBXGroup section */

/* Begin PBXNativeTarget section */
		A1000001501D0001 /* Komalios */ = {
			isa = PBXNativeTarget;
			buildConfigurationList = A1000001701D0001 /* Build configuration list for PBXNativeTarget "Komalios" */;
			buildPhases = (
				A1000001601D0001 /* Sources */,
				A1000001301D0001 /* Frameworks */,
				A1000001601D0002 /* Resources */,
			);
			buildRules = (
			);
			dependencies = (
			);
			name = Komalios;
			packageProductDependencies = (
				B241186C2F1D1A74001DC5AF /* FirebaseAuth */,
				B241186E2F1D1A74001DC5AF /* FirebaseCore */,
				B24118722F1D1A74001DC5AF /* FirebaseFirestore */,
				B24118782F1D1BC3001DC5AF /* GoogleSignIn */,
				B241187A2F1D1BC3001DC5AF /* GoogleSignInSwift */,
			);
			productName = Komalios;
			productReference = A1000001001D0001 /* Komalios.app */;
			productType = "com.apple.product-type.application";
		};
/* End PBXNativeTarget section */

/* Begin PBXProject section */
		A1000001801D0001 /* Project object */ = {
			isa = PBXProject;
			attributes = {
				BuildIndependentTargetsInParallel = 1;
				LastSwiftUpdateCheck = 1500;
				LastUpgradeCheck = 2620;
				TargetAttributes = {
					A1000001501D0001 = {
						CreatedOnToolsVersion = 15.0;
					};
				};
			};
			buildConfigurationList = A1000001701D0002 /* Build configuration list for PBXProject "Komalios" */;
			compatibilityVersion = "Xcode 14.0";
			developmentRegion = en;
			hasScannedForEncodings = 0;
			knownRegions = (
				en,
				Base,
			);
			mainGroup = A1000001401D0001;
			packageReferences = (
				B241186B2F1D1A74001DC5AF /* XCRemoteSwiftPackageReference "firebase-ios-sdk" */,
				B24118772F1D1BC3001DC5AF /* XCRemoteSwiftPackageReference "GoogleSignIn-iOS" */,
			);
			productRefGroup = A1000001401D0010 /* Products */;
			projectDirPath = "";
			projectRoot = "";
			targets = (
				A1000001501D0001 /* Komalios */,
			);
		};
/* End PBXProject section */

/* Begin PBXResourcesBuildPhase section */
		A1000001601D0002 /* Resources */ = {
			isa = PBXResourcesBuildPhase;
			buildActionMask = 2147483647;
			files = (
				65503CB72F4A0BAA00327074 /* StoreKit.storekit in Resources */,
				B24118FC2F1FB7D5001DC5AF /* README.md in Resources */,
				B24118FD2F1FB7D5001DC5AF /* train_template.py in Resources */,
				B24118FE2F1FB7D5001DC5AF /* QUICK_START.md in Resources */,
				B24119002F1FB7D5001DC5AF /* convert_to_coreml.py in Resources */,
				A1000001201D000D /* Blocklists.json in Resources */,
				A1000001201D0010 /* komaliconnobg.png in Resources */,
				B24118762F1D1B4A001DC5AF /* GoogleService-Info.plist in Resources */,
				A1000001201D0011 /* Assets.xcassets in Resources */,
				B24118E72F1F99F5001DC5AF /* Komal_Models_Masterlist.csv in Resources */,
				B24118E82F1F99F5001DC5AF /* Agent.xlsx in Resources */,
				A1000001201D0014 /* PrivacyInfo.xcprivacy in Resources */,
				ENGTRJS001201D0001 /* engagement_tracker.js in Resources */,
				IMGSCJS001201D0001 /* image_scanner.js in Resources */,
				VPTRKJS001201D0001 /* viewport_tracker.js in Resources */,
				YTSCJS001201D0001 /* youtube_scanner.js in Resources */,
			);
			runOnlyForDeploymentPostprocessing = 0;
		};
/* End PBXResourcesBuildPhase section */

/* Begin PBXSourcesBuildPhase section */
		A1000001601D0001 /* Sources */ = {
			isa = PBXSourcesBuildPhase;
			buildActionMask = 2147483647;
			files = (
				A1000001201D0001 /* KomaliosApp.swift in Sources */,
				A1000001201D0002 /* RootView.swift in Sources */,
				A1000001201D0004 /* BlockedView.swift in Sources */,
				A1000001201D0005 /* GateView.swift in Sources */,
				A1000001201D0006 /* MindfulBreakView.swift in Sources */,
				B24118A12F1D3631001DC5AF /* Constants.swift in Sources */,
				B24118832F1D1DCC001DC5AF /* AuthViewModel.swift in Sources */,
				A1000001201D0007 /* RikiCheckInView.swift in Sources */,
				A1000001201D0030 /* ReflectionTimeView.swift in Sources */,
				A1000001201D0008 /* SettingsView.swift in Sources */,
				B24118812F1D1D7D001DC5AF /* GoogleAuthService.swift in Sources */,
				A1000001201D0009 /* AppState.swift in Sources */,
				A1000001201D000A /* ContentPolicyModels.swift in Sources */,
				A1000001201D000B /* ParentSettings.swift in Sources */,
				B24118882F1D20F9001DC5AF /* SocialSignInButton.swift in Sources */,
				B24118BF2F1E8CA3001DC5AF /* Extension.swift in Sources */,
				A1000001201D000C /* BlocklistService.swift in Sources */,
				B24118BA2F1D5841001DC5AF /* Nonce+SHAHelper.swift in Sources */,
				B24119012F1FB7D5001DC5AF /* ContentSafetyTextClassifier.mlmodel in Sources */,
				A1000001201D000E /* KomalTheme.swift in Sources */,
				B24118AC2F1D496F001DC5AF /* BrowserViewModel.swift in Sources */,
				A1000001201D000F /* FloatingMenuView.swift in Sources */,
				B24118BD2F1E0E4E001DC5AF /* KomalSafetyScanner.swift in Sources */,
				91CB05C37C0D29ECFEAB0DFFCA8232D3 /* KomalSafetyScannerViewModel.swift in Sources */,
				AEBEE7ED6BFDA8CA3CF5C6FAD26ABABC /* ScanResponseModels.swift in Sources */,
				AEAFDDDFFBC3AC5A4ED0ED5A124310F1 /* Components/SimpleWebView.swift in Sources */,
				6B3BDF971CF675F2CED16D0FC97BC896 /* ScanNetworkService.swift in Sources */,
				9A8A403BC83F19AEA62D45CCD379077D /* FilterPreferencesView.swift in Sources */,
				C8E3A128D4DFC7C0AC136E7CCC17EF42 /* FilterActionSlider.swift in Sources */,
				F1A2B3C4D5E6F7A8B9C0D1E2F3A4B5C6 /* KomalCheckInView.swift in Sources */,
				F2B3C4D5E6F7A8B9C0D1E2F3A4B5C6D7 /* KomalBlockedView.swift in Sources */,
				KOMLINTR001201D0001 /* KomalInterventionView.swift in Sources */,
				55C8711FCD2EBDED9ABE21CDB448AFCF /* FirestoreService.swift in Sources */,
				55C8711F0A1B2C3D4E5F6789 /* FirestoreSyncService.swift in Sources */,
				A1000001201D0012 /* OnboardingView.swift in Sources */,
				B24118742F1D1ABC001DC5AF /* AppDelegate.swift in Sources */,
				B24118B22F1D5797001DC5AF /* AppleSignInService.swift in Sources */,
				B24118862F1D1E2A001DC5AF /* LoginView.swift in Sources */,
				B241199F2F22604F001DC5AF /* SplashScreenView.swift in Sources */,
				B24118B52F1D57D6001DC5AF /* AppleSignInViewModel.swift in Sources */,
				A1000001201D0013 /* ContentFilterPreferences.swift in Sources */,
				B24118AF2F1D4A2F001DC5AF /* ScanUrlModel.swift in Sources */,
				B24118B82F1D5812001DC5AF /* AppleSignInResult.swift in Sources */,
				INSIGHTS001201D0001 /* InsightsView.swift in Sources */,
				BROWSEVT001201D0001 /* BrowsingEvent.swift in Sources */,
				BROWSESS001201D0001 /* BrowsingSession.swift in Sources */,
				BROWSHIS001201D0001 /* BrowsingHistoryService.swift in Sources */,
				UNIFIED001201D0001 /* UnifiedDecisionModels.swift in Sources */,
				B24119682F22604F001DC5AF /* PathManager.swift in Sources */,
				CONTENT001201D0001 /* ContentAnalysisService.swift in Sources */,
				EXTENS001201D0001 /* Extensions.swift in Sources */,
				B241195D2F2244A4001DC5AF /* NSFW.mlmodel in Sources */,
				IMGFILT001201D0001 /* ImageFilterEvent.swift in Sources */,
				PAGEENG001201D0001 /* PageEngagement.swift in Sources */,
				VIEWCNT001201D0001 /* ViewportContent.swift in Sources */,
				IMGFSVC001201D0001 /* ImageFilterService.swift in Sources */,
				BEHMOD001201D0001 /* BehavioralModels.swift in Sources */,
				NTWMON001201D0001 /* NetworkMonitorService.swift in Sources */,
				PRSOCL001201D0001 /* ParasocialDetectorService.swift in Sources */,
				RAGEDT001201D0001 /* RageDetectionService.swift in Sources */,
				RVLCLS001201D0001 /* RevealingLevelClassifier.swift in Sources */,
				ENGTRCK001201D0001 /* EngagementTracker.swift in Sources */,
				CNTANLZ001201D0001 /* ContentAnalyzerService.swift in Sources */,
				GEMINI001201D0001 /* GeminiChatService.swift in Sources */,
				SPEECH001201D0001 /* SpeechRecognizer.swift in Sources */,
				CONFIG001201D0001 /* Config.swift in Sources */,
				56EB8B5CD4334565AB504BBC /* KeychainService.swift in Sources */,
				EBAC442E949D41EEBBFBEE68 /* BiometricAuthService.swift in Sources */,
				AD9394DD5D0245949324BF16 /* AppHistoryService.swift in Sources */,
				9FEF1C0067654E8F90E8B733 /* TextToSpeechService.swift in Sources */,
				DBE1B704AB4647D8B6EF72BB /* AudioPlaybackManager.swift in Sources */,
				430C4285FA864122929B71AD /* EmojiResponseView.swift in Sources */,
				F16D265BA8E14877827A64B0 /* EmojiCheckInBubble.swift in Sources */,
				9869EE8E5D4F4CE99972BA40 /* BlockedEmojiPopup.swift in Sources */,
				6036166503A34655B56A4CFB /* DigitalJourney/DigitalJourneyModels.swift in Sources */,
				70C1B9B70632463291F51EC9 /* DigitalJourney/DigitalJourneyViewModel.swift in Sources */,
				CA8FED38FA844F7693DDBE98 /* DigitalJourney/DigitalJourneyView.swift in Sources */,
				CSVMAP001201D0001 /* CSVEmojiMappingService.swift in Sources */,
				BRHMOD001201D0001 /* BrowsingHistory/BrowsingHistoryModels.swift in Sources */,
				BRHVMD001201D0001 /* BrowsingHistory/BrowsingHistoryViewModel.swift in Sources */,
				BRHVIW001201D0001 /* BrowsingHistory/BrowsingHistoryView.swift in Sources */,
				BRHDET001201D0001 /* BrowsingHistory/HistoryBatchDetailView.swift in Sources */,
				268E688F4627D93D994D824A /* ConversationMemory.swift in Sources */,
				BD93546A30CBC205557E1DB3 /* MoodEntry.swift in Sources */,
				5F6010B324BA00AC608D242B /* GrowthModels.swift in Sources */,
				6F7C5C4B78B57268398A2B67 /* RetentionState.swift in Sources */,
				8A257C17055F1BAF83184A0D /* ConversationMemoryService.swift in Sources */,
				97A9A8C046E1F8DA0F94715A /* MoodTrackingService.swift in Sources */,
				16C02EA8DEDDBDEE278C82C2 /* GrowthTrackingService.swift in Sources */,
				0E383944D0CE01913ED65606 /* ContextualPromptEngine.swift in Sources */,
				920509C1D5AAC5165A105EAD /* NotificationService.swift in Sources */,
				EF0FBA5E4A69B6114E3D5C82 /* GrowthJourneyView.swift in Sources */,
				8A74B3F60182EDE24D5658FA /* WeeklySnapshotView.swift in Sources */,
				EC2F5751CBA0A6BD755883FE /* ReconnectionView.swift in Sources */,
				381AF69F3F9C6E63BF21D05D /* ParentInsightsDashboardView.swift in Sources */,
				462FE86F2F2E7AD1F5994979 /* ContextualPromptOverlay.swift in Sources */,
				D698420FCE000C8767FC634B /* MoodHistoryMiniView.swift in Sources */,
				LNGMGR001201D0001 /* LanguageManager.swift in Sources */,
				LNGSEL001201D0001 /* LanguageSelectorView.swift in Sources */,
				ENGSTR001201D0001 /* EnglishStrings.swift in Sources */,
				FRESTR001201D0001 /* FrenchStrings.swift in Sources */,
				SPASTR001201D0001 /* SpanishStrings.swift in Sources */,
				PORSTR001201D0001 /* PortugueseStrings.swift in Sources */,
				SEL00001201D0001 /* SELModels.swift in Sources */,
				SEL00001201D0006 /* SELCurriculum.swift in Sources */,
				SEL00001201D0002 /* SELAssessmentService.swift in Sources */,
				SEL00001201D0004 /* SELJourneyView.swift in Sources */,
				SEL00001201D0005 /* SELDailySessionView.swift in Sources */,
				EYETRK001201D0001 /* EyeTrackingModels.swift in Sources */,
				EYETRK001201D0002 /* EyeTrackingService.swift in Sources */,
				EYETRK001201D0003 /* EyeTrackingReportView.swift in Sources */,
				A1B2C3D400000001AABB0004 /* SubscriptionModels.swift in Sources */,
				A1B2C3D400000001AABB0005 /* SubscriptionService.swift in Sources */,
				A1B2C3D400000001AABB0006 /* PlanSelectionView.swift in Sources */,
				V2INT001201D0001 /* IntentInferenceService.swift in Sources */,
				V2MGL001201D0001 /* MicroGuidanceLibrary.swift in Sources */,
				YTANLZ001201D0001 /* YouTubeContentAnalyzer.swift in Sources */,
			);
			runOnlyForDeploymentPostprocessing = 0;
		};
/* End PBXSourcesBuildPhase section */

/* Begin XCBuildConfiguration section */
		A1000001901D0001 /* Debug */ = {
			isa = XCBuildConfiguration;
			baseConfigurationReference = SECRETS001101D0001 /* Secrets.xcconfig */;
			buildSettings = {
				ALWAYS_SEARCH_USER_PATHS = NO;
				ASSETCATALOG_COMPILER_GENERATE_SWIFT_ASSET_SYMBOL_EXTENSIONS = YES;
				CLANG_ANALYZER_NONNULL = YES;
				CLANG_ANALYZER_NUMBER_OBJECT_CONVERSION = YES_AGGRESSIVE;
				CLANG_CXX_LANGUAGE_STANDARD = "gnu++20";
				CLANG_ENABLE_MODULES = YES;
				CLANG_ENABLE_OBJC_ARC = YES;
				CLANG_ENABLE_OBJC_WEAK = YES;
				CLANG_WARN_BLOCK_CAPTURE_AUTORELEASING = YES;
				CLANG_WARN_BOOL_CONVERSION = YES;
				CLANG_WARN_COMMA = YES;
				CLANG_WARN_CONSTANT_CONVERSION = YES;
				CLANG_WARN_DEPRECATED_OBJC_IMPLEMENTATIONS = YES;
				CLANG_WARN_DIRECT_OBJC_ISA_USAGE = YES_ERROR;
				CLANG_WARN_DOCUMENTATION_COMMENTS = YES;
				CLANG_WARN_EMPTY_BODY = YES;
				CLANG_WARN_ENUM_CONVERSION = YES;
				CLANG_WARN_INFINITE_RECURSION = YES;
				CLANG_WARN_INT_CONVERSION = YES;
				CLANG_WARN_NON_LITERAL_NULL_CONVERSION = YES;
				CLANG_WARN_OBJC_IMPLICIT_RETAIN_SELF = YES;
				CLANG_WARN_OBJC_LITERAL_CONVERSION = YES;
				CLANG_WARN_OBJC_ROOT_CLASS = YES_ERROR;
				CLANG_WARN_QUOTED_INCLUDE_IN_FRAMEWORK_HEADER = YES;
				CLANG_WARN_RANGE_LOOP_ANALYSIS = YES;
				CLANG_WARN_STRICT_PROTOTYPES = YES;
				CLANG_WARN_SUSPICIOUS_MOVE = YES;
				CLANG_WARN_UNGUARDED_AVAILABILITY = YES_AGGRESSIVE;
				CLANG_WARN_UNREACHABLE_CODE = YES;
				CLANG_WARN__DUPLICATE_METHOD_MATCH = YES;
				COPY_PHASE_STRIP = NO;
				DEBUG_INFORMATION_FORMAT = dwarf;
				DEVELOPMENT_TEAM = NXS4B9HC6S;
				ENABLE_STRICT_OBJC_MSGSEND = YES;
				ENABLE_TESTABILITY = YES;
				ENABLE_USER_SCRIPT_SANDBOXING = YES;
				GCC_C_LANGUAGE_STANDARD = gnu17;
				GCC_DYNAMIC_NO_PIC = NO;
				GCC_NO_COMMON_BLOCKS = YES;
				GCC_OPTIMIZATION_LEVEL = 0;
				GCC_PREPROCESSOR_DEFINITIONS = (
					"DEBUG=1",
					"$(inherited)",
				);
				GCC_WARN_64_TO_32_BIT_CONVERSION = YES;
				GCC_WARN_ABOUT_RETURN_TYPE = YES_ERROR;
				GCC_WARN_UNDECLARED_SELECTOR = YES;
				GCC_WARN_UNINITIALIZED_AUTOS = YES_AGGRESSIVE;
				GCC_WARN_UNUSED_FUNCTION = YES;
				GCC_WARN_UNUSED_VARIABLE = YES;
				IPHONEOS_DEPLOYMENT_TARGET = 17.6;
				LOCALIZATION_PREFERS_STRING_CATALOGS = YES;
				MTL_ENABLE_DEBUG_INFO = INCLUDE_SOURCE;
				MTL_FAST_MATH = YES;
				ONLY_ACTIVE_ARCH = YES;
				SDKROOT = iphoneos;
				STRING_CATALOG_GENERATE_SYMBOLS = YES;
				SWIFT_ACTIVE_COMPILATION_CONDITIONS = "DEBUG $(inherited)";
				SWIFT_OPTIMIZATION_LEVEL = "-Onone";
			};
			name = Debug;
		};
		A1000001901D0002 /* Release */ = {
			isa = XCBuildConfiguration;
			baseConfigurationReference = SECRETS001101D0001 /* Secrets.xcconfig */;
			buildSettings = {
				ALWAYS_SEARCH_USER_PATHS = NO;
				ASSETCATALOG_COMPILER_GENERATE_SWIFT_ASSET_SYMBOL_EXTENSIONS = YES;
				CLANG_ANALYZER_NONNULL = YES;
				CLANG_ANALYZER_NUMBER_OBJECT_CONVERSION = YES_AGGRESSIVE;
				CLANG_CXX_LANGUAGE_STANDARD = "gnu++20";
				CLANG_ENABLE_MODULES = YES;
				CLANG_ENABLE_OBJC_ARC = YES;
				CLANG_ENABLE_OBJC_WEAK = YES;
				CLANG_WARN_BLOCK_CAPTURE_AUTORELEASING = YES;
				CLANG_WARN_BOOL_CONVERSION = YES;
				CLANG_WARN_COMMA = YES;
				CLANG_WARN_CONSTANT_CONVERSION = YES;
				CLANG_WARN_DEPRECATED_OBJC_IMPLEMENTATIONS = YES;
				CLANG_WARN_DIRECT_OBJC_ISA_USAGE = YES_ERROR;
				CLANG_WARN_DOCUMENTATION_COMMENTS = YES;
				CLANG_WARN_EMPTY_BODY = YES;
				CLANG_WARN_ENUM_CONVERSION = YES;
				CLANG_WARN_INFINITE_RECURSION = YES;
				CLANG_WARN_INT_CONVERSION = YES;
				CLANG_WARN_NON_LITERAL_NULL_CONVERSION = YES;
				CLANG_WARN_OBJC_IMPLICIT_RETAIN_SELF = YES;
				CLANG_WARN_OBJC_LITERAL_CONVERSION = YES;
				CLANG_WARN_OBJC_ROOT_CLASS = YES_ERROR;
				CLANG_WARN_QUOTED_INCLUDE_IN_FRAMEWORK_HEADER = YES;
				CLANG_WARN_RANGE_LOOP_ANALYSIS = YES;
				CLANG_WARN_STRICT_PROTOTYPES = YES;
				CLANG_WARN_SUSPICIOUS_MOVE = YES;
				CLANG_WARN_UNGUARDED_AVAILABILITY = YES_AGGRESSIVE;
				CLANG_WARN_UNREACHABLE_CODE = YES;
				CLANG_WARN__DUPLICATE_METHOD_MATCH = YES;
				COPY_PHASE_STRIP = NO;
				DEBUG_INFORMATION_FORMAT = "dwarf-with-dsym";
				DEVELOPMENT_TEAM = NXS4B9HC6S;
				ENABLE_NS_ASSERTIONS = NO;
				ENABLE_STRICT_OBJC_MSGSEND = YES;
				ENABLE_USER_SCRIPT_SANDBOXING = YES;
				GCC_C_LANGUAGE_STANDARD = gnu17;
				GCC_NO_COMMON_BLOCKS = YES;
				GCC_WARN_64_TO_32_BIT_CONVERSION = YES;
				GCC_WARN_ABOUT_RETURN_TYPE = YES_ERROR;
				GCC_WARN_UNDECLARED_SELECTOR = YES;
				GCC_WARN_UNINITIALIZED_AUTOS = YES_AGGRESSIVE;
				GCC_WARN_UNUSED_FUNCTION = YES;
				GCC_WARN_UNUSED_VARIABLE = YES;
				IPHONEOS_DEPLOYMENT_TARGET = 17.6;
				LOCALIZATION_PREFERS_STRING_CATALOGS = YES;
				MTL_ENABLE_DEBUG_INFO = NO;
				MTL_FAST_MATH = YES;
				SDKROOT = iphoneos;
				STRING_CATALOG_GENERATE_SYMBOLS = YES;
				SWIFT_COMPILATION_MODE = wholemodule;
				VALIDATE_PRODUCT = YES;
			};
			name = Release;
		};
		A1000001901D0003 /* Debug */ = {
			isa = XCBuildConfiguration;
			buildSettings = {
				ASSETCATALOG_COMPILER_APPICON_NAME = AppIcon;
				ASSETCATALOG_COMPILER_GLOBAL_ACCENT_COLOR_NAME = AccentColor;
				CODE_SIGN_ENTITLEMENTS = Komalios.entitlements;
				CODE_SIGN_STYLE = Automatic;
				CURRENT_PROJECT_VERSION = 7;
				ENABLE_PREVIEWS = YES;
				GENERATE_INFOPLIST_FILE = YES;
				INFOPLIST_FILE = "Komalios-Info.plist";
				INFOPLIST_KEY_CFBundleDisplayName = Komal;
				INFOPLIST_KEY_NSFaceIDUsageDescription = "Komal uses Face ID to let parents securely access parental controls and settings.";
				INFOPLIST_KEY_NSMicrophoneUsageDescription = "Komal may need microphone access to analyze audio content for child safety purposes.";
				INFOPLIST_KEY_NSSpeechRecognitionUsageDescription = "Komal uses speech recognition to analyze audio content for child safety. This helps identify inappropriate language or content in videos and audio files.";
				INFOPLIST_KEY_UIApplicationSceneManifest_Generation = YES;
				INFOPLIST_KEY_UIApplicationSupportsIndirectInputEvents = YES;
				INFOPLIST_KEY_UILaunchScreen_Generation = YES;
				INFOPLIST_KEY_UISupportedInterfaceOrientations = UIInterfaceOrientationPortrait;
				INFOPLIST_KEY_UISupportedInterfaceOrientations_iPad = "UIInterfaceOrientationLandscapeLeft UIInterfaceOrientationLandscapeRight UIInterfaceOrientationPortrait UIInterfaceOrientationPortraitUpsideDown";
				IPHONEOS_DEPLOYMENT_TARGET = 17.6;
				LD_RUNPATH_SEARCH_PATHS = (
					"$(inherited)",
					"@executable_path/Frameworks",
				);
				MARKETING_VERSION = 1.0.10;
				PRODUCT_BUNDLE_IDENTIFIER = com.komalkids.komal;
				PRODUCT_NAME = "$(TARGET_NAME)";
				SWIFT_EMIT_LOC_STRINGS = YES;
				SWIFT_VERSION = 5.0;
				TARGETED_DEVICE_FAMILY = 1;
			};
			name = Debug;
		};
		A1000001901D0004 /* Release */ = {
			isa = XCBuildConfiguration;
			buildSettings = {
				ASSETCATALOG_COMPILER_APPICON_NAME = AppIcon;
				ASSETCATALOG_COMPILER_GLOBAL_ACCENT_COLOR_NAME = AccentColor;
				CODE_SIGN_ENTITLEMENTS = Komalios.entitlements;
				CODE_SIGN_STYLE = Automatic;
				CURRENT_PROJECT_VERSION = 7;
				ENABLE_PREVIEWS = YES;
				GENERATE_INFOPLIST_FILE = YES;
				INFOPLIST_FILE = "Komalios-Info.plist";
				INFOPLIST_KEY_CFBundleDisplayName = Komal;
				INFOPLIST_KEY_NSFaceIDUsageDescription = "Komal uses Face ID to let parents securely access parental controls and settings.";
				INFOPLIST_KEY_NSMicrophoneUsageDescription = "Komal may need microphone access to analyze audio content for child safety purposes.";
				INFOPLIST_KEY_NSSpeechRecognitionUsageDescription = "Komal uses speech recognition to analyze audio content for child safety. This helps identify inappropriate language or content in videos and audio files.";
				INFOPLIST_KEY_UIApplicationSceneManifest_Generation = YES;
				INFOPLIST_KEY_UIApplicationSupportsIndirectInputEvents = YES;
				INFOPLIST_KEY_UILaunchScreen_Generation = YES;
				INFOPLIST_KEY_UISupportedInterfaceOrientations = UIInterfaceOrientationPortrait;
				INFOPLIST_KEY_UISupportedInterfaceOrientations_iPad = "UIInterfaceOrientationLandscapeLeft UIInterfaceOrientationLandscapeRight UIInterfaceOrientationPortrait UIInterfaceOrientationPortraitUpsideDown";
				IPHONEOS_DEPLOYMENT_TARGET = 17.6;
				LD_RUNPATH_SEARCH_PATHS = (
					"$(inherited)",
					"@executable_path/Frameworks",
				);
				MARKETING_VERSION = 1.0.10;
				PRODUCT_BUNDLE_IDENTIFIER = com.komalkids.komal;
				PRODUCT_NAME = "$(TARGET_NAME)";
				SWIFT_EMIT_LOC_STRINGS = YES;
				SWIFT_VERSION = 5.0;
				TARGETED_DEVICE_FAMILY = 1;
			};
			name = Release;
		};
/* End XCBuildConfiguration section */

/* Begin XCConfigurationList section */
		A1000001701D0001 /* Build configuration list for PBXNativeTarget "Komalios" */ = {
			isa = XCConfigurationList;
			buildConfigurations = (
				A1000001901D0003 /* Debug */,
				A1000001901D0004 /* Release */,
			);
			defaultConfigurationIsVisible = 0;
			defaultConfigurationName = Release;
		};
		A1000001701D0002 /* Build configuration list for PBXProject "Komalios" */ = {
			isa = XCConfigurationList;
			buildConfigurations = (
				A1000001901D0001 /* Debug */,
				A1000001901D0002 /* Release */,
			);
			defaultConfigurationIsVisible = 0;
			defaultConfigurationName = Release;
		};
/* End XCConfigurationList section */

/* Begin XCRemoteSwiftPackageReference section */
		B241186B2F1D1A74001DC5AF /* XCRemoteSwiftPackageReference "firebase-ios-sdk" */ = {
			isa = XCRemoteSwiftPackageReference;
			repositoryURL = "https://github.com/firebase/firebase-ios-sdk";
			requirement = {
				kind = upToNextMajorVersion;
				minimumVersion = 12.8.0;
			};
		};
		B24118772F1D1BC3001DC5AF /* XCRemoteSwiftPackageReference "GoogleSignIn-iOS" */ = {
			isa = XCRemoteSwiftPackageReference;
			repositoryURL = "https://github.com/google/GoogleSignIn-iOS";
			requirement = {
				kind = upToNextMajorVersion;
				minimumVersion = 9.1.0;
			};
		};
/* End XCRemoteSwiftPackageReference section */

/* Begin XCSwiftPackageProductDependency section */
		B241186C2F1D1A74001DC5AF /* FirebaseAuth */ = {
			isa = XCSwiftPackageProductDependency;
			package = B241186B2F1D1A74001DC5AF /* XCRemoteSwiftPackageReference "firebase-ios-sdk" */;
			productName = FirebaseAuth;
		};
		B241186E2F1D1A74001DC5AF /* FirebaseCore */ = {
			isa = XCSwiftPackageProductDependency;
			package = B241186B2F1D1A74001DC5AF /* XCRemoteSwiftPackageReference "firebase-ios-sdk" */;
			productName = FirebaseCore;
		};
		B24118722F1D1A74001DC5AF /* FirebaseFirestore */ = {
			isa = XCSwiftPackageProductDependency;
			package = B241186B2F1D1A74001DC5AF /* XCRemoteSwiftPackageReference "firebase-ios-sdk" */;
			productName = FirebaseFirestore;
		};
		B24118782F1D1BC3001DC5AF /* GoogleSignIn */ = {
			isa = XCSwiftPackageProductDependency;
			package = B24118772F1D1BC3001DC5AF /* XCRemoteSwiftPackageReference "GoogleSignIn-iOS" */;
			productName = GoogleSignIn;
		};
		B241187A2F1D1BC3001DC5AF /* GoogleSignInSwift */ = {
			isa = XCSwiftPackageProductDependency;
			package = B24118772F1D1BC3001DC5AF /* XCRemoteSwiftPackageReference "GoogleSignIn-iOS" */;
			productName = GoogleSignInSwift;
		};
/* End XCSwiftPackageProductDependency section */
	};
	rootObject = A1000001801D0001 /* Project object */;
}
