PODS:
  - Capacitor (7.4.4):
    - CapacitorCordova
  - CapacitorApp (7.1.1):
    - Capacitor
  - CapacitorCamera (7.0.2):
    - Capacitor
  - CapacitorCommunityAdmob (7.2.0):
    - Capacitor
    - Google-Mobile-Ads-SDK (= 12.12.0)
    - GoogleUserMessagingPlatform (= 3.0.0)
  - CapacitorCommunityCameraPreview (7.0.2):
    - Capacitor
  - CapacitorCordova (7.4.4)
  - CapacitorDevice (7.0.3):
    - Capacitor
  - CapacitorHaptics (7.0.2):
    - Capacitor
  - CapacitorPreferences (7.0.2):
    - Capacitor
  - CapacitorShare (7.0.2):
    - Capacitor
  - Google-Mobile-Ads-SDK (12.12.0):
    - GoogleUserMessagingPlatform (>= 1.1)
  - GoogleUserMessagingPlatform (3.0.0)

DEPENDENCIES:
  - "Capacitor (from `../../node_modules/@capacitor/ios`)"
  - "CapacitorApp (from `../../node_modules/@capacitor/app`)"
  - "CapacitorCamera (from `../../node_modules/@capacitor/camera`)"
  - "CapacitorCommunityAdmob (from `../../node_modules/@capacitor-community/admob`)"
  - "CapacitorCommunityCameraPreview (from `../../node_modules/@capacitor-community/camera-preview`)"
  - "CapacitorCordova (from `../../node_modules/@capacitor/ios`)"
  - "CapacitorDevice (from `../../node_modules/@capacitor/device`)"
  - "CapacitorHaptics (from `../../node_modules/@capacitor/haptics`)"
  - "CapacitorPreferences (from `../../node_modules/@capacitor/preferences`)"
  - "CapacitorShare (from `../../node_modules/@capacitor/share`)"

SPEC REPOS:
  trunk:
    - Google-Mobile-Ads-SDK
    - GoogleUserMessagingPlatform

EXTERNAL SOURCES:
  Capacitor:
    :path: "../../node_modules/@capacitor/ios"
  CapacitorApp:
    :path: "../../node_modules/@capacitor/app"
  CapacitorCamera:
    :path: "../../node_modules/@capacitor/camera"
  CapacitorCommunityAdmob:
    :path: "../../node_modules/@capacitor-community/admob"
  CapacitorCommunityCameraPreview:
    :path: "../../node_modules/@capacitor-community/camera-preview"
  CapacitorCordova:
    :path: "../../node_modules/@capacitor/ios"
  CapacitorDevice:
    :path: "../../node_modules/@capacitor/device"
  CapacitorHaptics:
    :path: "../../node_modules/@capacitor/haptics"
  CapacitorPreferences:
    :path: "../../node_modules/@capacitor/preferences"
  CapacitorShare:
    :path: "../../node_modules/@capacitor/share"

SPEC CHECKSUMS:
  Capacitor: 358dd1c3fdd71d969547b17e159fd8a7736cb45f
  CapacitorApp: 63b237168fc869e758481dba283315a85743ee78
  CapacitorCamera: f9e54db0a18bb218a8dc360907d63aaefe9209ff
  CapacitorCommunityAdmob: 04498ca8d01a097aa7d9d80584094b6b3419ec3f
  CapacitorCommunityCameraPreview: a45e3974b2f96fbc118d9cde1c8e5990fadf364f
  CapacitorCordova: bf648a636f3c153f652d312ae145fb508b6ffced
  CapacitorDevice: b64654eb4d404373e733c01d835055ba59286e5c
  CapacitorHaptics: b3fb2869e72c4466e18ce9ccbeb60a3d8723b3d4
  CapacitorPreferences: 65107ed7437d96ee72583df5763985e3c0ff2bc2
  CapacitorShare: be166411fa995ead2d39b104aa0aae56d8615c66
  Google-Mobile-Ads-SDK: 4dde70a8c18d96b14f9548759b8cec6ecb0bc3e6
  GoogleUserMessagingPlatform: f8d0cdad3ca835406755d0a69aa634f00e76d576

PODFILE CHECKSUM: 9e97eefe8cb9d5ac0617e27888a9fb2e675b90de

COCOAPODS: 1.16.2
